// !$*UTF8*$!
{
	archiveVersion = 1;
	classes = {
	};
	objectVersion = 46;
	objects = {

/* Begin PBXBuildFile section */
		0B055A211C4C6537007CB60A /* MediaCollectionTableViewCell.xib in Resources */ = {isa = PBXBuildFile; fileRef = 0B055A201C4C6537007CB60A /* MediaCollectionTableViewCell.xib */; };
		0B055A231C4C6A97007CB60A /* MenuDotsView.swift in Sources */ = {isa = PBXBuildFile; fileRef = 0B055A221C4C6A97007CB60A /* MenuDotsView.swift */; };
		0B055A251C4C6AB0007CB60A /* MenuDotsView.xib in Resources */ = {isa = PBXBuildFile; fileRef = 0B055A241C4C6AB0007CB60A /* MenuDotsView.xib */; };
		0B055A271C4C7F3C007CB60A /* MediaLibraryTableViewCell.swift in Sources */ = {isa = PBXBuildFile; fileRef = 0B055A261C4C7F3C007CB60A /* MediaLibraryTableViewCell.swift */; };
		0B0FE1701C40B92A001E4ABE /* ViewControllerFadeAnimator.swift in Sources */ = {isa = PBXBuildFile; fileRef = 0B0FE16F1C40B92A001E4ABE /* ViewControllerFadeAnimator.swift */; };
		0B13D9C11AE6F80E00CC5C01 /* AppDelegate.swift in Sources */ = {isa = PBXBuildFile; fileRef = 0B13D9C01AE6F80E00CC5C01 /* AppDelegate.swift */; };
		0B13D9C61AE6F80E00CC5C01 /* Main.storyboard in Resources */ = {isa = PBXBuildFile; fileRef = 0B13D9C41AE6F80E00CC5C01 /* Main.storyboard */; };
		0B13D9C81AE6F80E00CC5C01 /* Images.xcassets in Resources */ = {isa = PBXBuildFile; fileRef = 0B13D9C71AE6F80E00CC5C01 /* Images.xcassets */; };
		0B13D9CB1AE6F80E00CC5C01 /* LaunchScreen.xib in Resources */ = {isa = PBXBuildFile; fileRef = 0B13D9C91AE6F80E00CC5C01 /* LaunchScreen.xib */; };
		0B13DA111AE6FA9A00CC5C01 /* AudioSessionManager.swift in Sources */ = {isa = PBXBuildFile; fileRef = 0B13D9F91AE6FA9A00CC5C01 /* AudioSessionManager.swift */; };
		0B13DA121AE6FA9A00CC5C01 /* NowPlayingInfoHelper.swift in Sources */ = {isa = PBXBuildFile; fileRef = 0B13D9FA1AE6FA9A00CC5C01 /* NowPlayingInfoHelper.swift */; };
		0B13DA131AE6FA9A00CC5C01 /* AudioQueuePlayerImpl.swift in Sources */ = {isa = PBXBuildFile; fileRef = 0B13D9FB1AE6FA9A00CC5C01 /* AudioQueuePlayerImpl.swift */; };
		0B13DA141AE6FA9A00CC5C01 /* TempDataDAO.swift in Sources */ = {isa = PBXBuildFile; fileRef = 0B13D9FD1AE6FA9A00CC5C01 /* TempDataDAO.swift */; };
		0B13DA171AE6FA9A00CC5C01 /* AlbumTrackTableViewController.swift in Sources */ = {isa = PBXBuildFile; fileRef = 0B13DA011AE6FA9A00CC5C01 /* AlbumTrackTableViewController.swift */; };
		0B13DA181AE6FA9A00CC5C01 /* NowPlayingSummaryViewController.swift in Sources */ = {isa = PBXBuildFile; fileRef = 0B13DA021AE6FA9A00CC5C01 /* NowPlayingSummaryViewController.swift */; };
		0B13DA191AE6FA9A00CC5C01 /* NowPlayingViewController.swift in Sources */ = {isa = PBXBuildFile; fileRef = 0B13DA031AE6FA9A00CC5C01 /* NowPlayingViewController.swift */; };
		0B13DA1A1AE6FA9A00CC5C01 /* RootViewController.swift in Sources */ = {isa = PBXBuildFile; fileRef = 0B13DA041AE6FA9A00CC5C01 /* RootViewController.swift */; };
		0B13DA1B1AE6FA9A00CC5C01 /* ImageTableViewCell.swift in Sources */ = {isa = PBXBuildFile; fileRef = 0B13DA061AE6FA9A00CC5C01 /* ImageTableViewCell.swift */; };
		0B13DA1C1AE6FA9A00CC5C01 /* ImageTableViewCell.xib in Resources */ = {isa = PBXBuildFile; fileRef = 0B13DA071AE6FA9A00CC5C01 /* ImageTableViewCell.xib */; };
		0B13DA1E1AE6FA9A00CC5C01 /* ApplicationDefaults.swift in Sources */ = {isa = PBXBuildFile; fileRef = 0B13DA091AE6FA9A00CC5C01 /* ApplicationDefaults.swift */; };
		0B13DA201AE6FA9A00CC5C01 /* NibContainer.swift in Sources */ = {isa = PBXBuildFile; fileRef = 0B13DA0B1AE6FA9A00CC5C01 /* NibContainer.swift */; };
		0B13DA221AE6FA9A00CC5C01 /* PlaybackStateManager.swift in Sources */ = {isa = PBXBuildFile; fileRef = 0B13DA0D1AE6FA9A00CC5C01 /* PlaybackStateManager.swift */; };
		0B13DA231AE6FA9A00CC5C01 /* AudioQueuePlayer.swift in Sources */ = {isa = PBXBuildFile; fileRef = 0B13DA0E1AE6FA9A00CC5C01 /* AudioQueuePlayer.swift */; };
		0B13DA251AE6FA9A00CC5C01 /* ThemeHelper.swift in Sources */ = {isa = PBXBuildFile; fileRef = 0B13DA101AE6FA9A00CC5C01 /* ThemeHelper.swift */; };
		0B13DA271AE6FB0400CC5C01 /* MediaPlayer.framework in Frameworks */ = {isa = PBXBuildFile; fileRef = 0B13DA261AE6FB0400CC5C01 /* MediaPlayer.framework */; };
		0B13DA291AE6FB0D00CC5C01 /* AVFoundation.framework in Frameworks */ = {isa = PBXBuildFile; fileRef = 0B13DA281AE6FB0D00CC5C01 /* AVFoundation.framework */; };
		0B13DA5B1AEB1CB700CC5C01 /* StoryboardExtension.swift in Sources */ = {isa = PBXBuildFile; fileRef = 0B13DA5A1AEB1CB700CC5C01 /* StoryboardExtension.swift */; };
		0B13DA5F1AEB3E3500CC5C01 /* ContainerViewController.swift in Sources */ = {isa = PBXBuildFile; fileRef = 0B13DA5E1AEB3E3500CC5C01 /* ContainerViewController.swift */; };
		0B13DA621AED49AF00CC5C01 /* SongDetailsTableViewCell.swift in Sources */ = {isa = PBXBuildFile; fileRef = 0B13DA601AED49AF00CC5C01 /* SongDetailsTableViewCell.swift */; };
		0B13DA631AED49AF00CC5C01 /* SongDetailsTableViewCell.xib in Resources */ = {isa = PBXBuildFile; fileRef = 0B13DA611AED49AF00CC5C01 /* SongDetailsTableViewCell.xib */; };
		0B13DA661AED584700CC5C01 /* ImageContainer.swift in Sources */ = {isa = PBXBuildFile; fileRef = 0B13DA651AED584700CC5C01 /* ImageContainer.swift */; };
		0B13DA681AED5A3600CC5C01 /* MediaItemUtils.swift in Sources */ = {isa = PBXBuildFile; fileRef = 0B13DA671AED5A3600CC5C01 /* MediaItemUtils.swift */; };
		0B1BFDA81AF313AC009838A5 /* LastFmScrobbler.swift in Sources */ = {isa = PBXBuildFile; fileRef = 0B1BFDA71AF313AC009838A5 /* LastFmScrobbler.swift */; };
		0B31FE091BF04B7100B33F0A /* MediaLibrarySearchTableViewController.swift in Sources */ = {isa = PBXBuildFile; fileRef = 0B31FE081BF04B7100B33F0A /* MediaLibrarySearchTableViewController.swift */; };
		0B476C6F1B1BFE5700626810 /* CancelView.swift in Sources */ = {isa = PBXBuildFile; fileRef = 0B476C6E1B1BFE5700626810 /* CancelView.swift */; };
		0B476C721B21FA5400626810 /* AudioTrack.swift in Sources */ = {isa = PBXBuildFile; fileRef = 0B476C711B21FA5400626810 /* AudioTrack.swift */; };
		0B476C741B2273E500626810 /* AudioTrackEntity.swift in Sources */ = {isa = PBXBuildFile; fileRef = 0B476C731B2273E500626810 /* AudioTrackEntity.swift */; };
		0B476C7A1B22921800626810 /* SpotifySettingsViewController.swift in Sources */ = {isa = PBXBuildFile; fileRef = 0B476C791B22921800626810 /* SpotifySettingsViewController.swift */; };
		0B476C7F1B2350FE00626810 /* SpotifyController.swift in Sources */ = {isa = PBXBuildFile; fileRef = 0B476C7E1B2350FE00626810 /* SpotifyController.swift */; };
		0B4E60041C2CBB5900BB9D77 /* ShuffleButtonView.swift in Sources */ = {isa = PBXBuildFile; fileRef = 0B4E60031C2CBB5900BB9D77 /* ShuffleButtonView.swift */; };
		0B4E60061C2CBB7700BB9D77 /* ShuffleButtonView.xib in Resources */ = {isa = PBXBuildFile; fileRef = 0B4E60051C2CBB7700BB9D77 /* ShuffleButtonView.xib */; };
		0B4E60081C2CD99C00BB9D77 /* RepeatButtonView.xib in Resources */ = {isa = PBXBuildFile; fileRef = 0B4E60071C2CD99C00BB9D77 /* RepeatButtonView.xib */; };
		0B4E600A1C2CD9AD00BB9D77 /* RepeatButtonView.swift in Sources */ = {isa = PBXBuildFile; fileRef = 0B4E60091C2CD9AD00BB9D77 /* RepeatButtonView.swift */; };
		0B4E600C1C2DBC7800BB9D77 /* RepeatState.swift in Sources */ = {isa = PBXBuildFile; fileRef = 0B4E600B1C2DBC7800BB9D77 /* RepeatState.swift */; };
		0B4E600E1C322C4800BB9D77 /* NowPlayingQueueContext.swift in Sources */ = {isa = PBXBuildFile; fileRef = 0B4E600D1C322C4800BB9D77 /* NowPlayingQueueContext.swift */; };
		0B4E60121C34561600BB9D77 /* PlaybackStateSnapshot.swift in Sources */ = {isa = PBXBuildFile; fileRef = 0B4E60111C34561600BB9D77 /* PlaybackStateSnapshot.swift */; };
		0B5123A21AFE969E00D941DC /* MediaItemTableViewControllerProtocol.swift in Sources */ = {isa = PBXBuildFile; fileRef = 0B5123A11AFE969E00D941DC /* MediaItemTableViewControllerProtocol.swift */; };
		0B533AC01BC1878900EA71B7 /* LibraryGrouping.swift in Sources */ = {isa = PBXBuildFile; fileRef = 0B533ABF1BC1878900EA71B7 /* LibraryGrouping.swift */; };
		0B533AC21BC18A3E00EA71B7 /* MPMediaQueryExtension.swift in Sources */ = {isa = PBXBuildFile; fileRef = 0B533AC11BC18A3E00EA71B7 /* MPMediaQueryExtension.swift */; };
		0B533AC41BC191B600EA71B7 /* MediaEntityTableViewController.swift in Sources */ = {isa = PBXBuildFile; fileRef = 0B533AC31BC191B600EA71B7 /* MediaEntityTableViewController.swift */; };
		0B650A5F1C39CF2D00C0DC51 /* ParentMediaEntityViewController.swift in Sources */ = {isa = PBXBuildFile; fileRef = 0B650A5E1C39CF2D00C0DC51 /* ParentMediaEntityViewController.swift */; };
		0B70702C1B9767080000673E /* AlbumTrackTableViewCell.swift in Sources */ = {isa = PBXBuildFile; fileRef = 0B70702A1B9767080000673E /* AlbumTrackTableViewCell.swift */; };
		0B70702D1B9767080000673E /* AlbumTrackTableViewCell.xib in Resources */ = {isa = PBXBuildFile; fileRef = 0B70702B1B9767080000673E /* AlbumTrackTableViewCell.xib */; };
		0B70702F1B9799030000673E /* ConfigurableAudioTableCell.swift in Sources */ = {isa = PBXBuildFile; fileRef = 0B70702E1B9799030000673E /* ConfigurableAudioTableCell.swift */; };
		0B7070311B97C1600000673E /* MediaCollectionTableViewCell.swift in Sources */ = {isa = PBXBuildFile; fileRef = 0B7070301B97C1600000673E /* MediaCollectionTableViewCell.swift */; };
		0B7776811BFC078A00B9A088 /* MPMediaItemCollectionExtension.swift in Sources */ = {isa = PBXBuildFile; fileRef = 0B7776801BFC078A00B9A088 /* MPMediaItemCollectionExtension.swift */; };
		0B7776851BFEC98200B9A088 /* AdHocIPodLibrarySearchOperation.swift in Sources */ = {isa = PBXBuildFile; fileRef = 0B7776841BFEC98200B9A088 /* AdHocIPodLibrarySearchOperation.swift */; };
		0B7776891C001E0500B9A088 /* SearchResultsHeaderView.swift in Sources */ = {isa = PBXBuildFile; fileRef = 0B7776881C001E0500B9A088 /* SearchResultsHeaderView.swift */; };
		0B77768B1C001EC200B9A088 /* SearchResultsHeaderView.xib in Resources */ = {isa = PBXBuildFile; fileRef = 0B77768A1C001EC200B9A088 /* SearchResultsHeaderView.xib */; };
		0B778B091B9388BD00004A1B /* CGUtils.swift in Sources */ = {isa = PBXBuildFile; fileRef = 0B778B081B9388BD00004A1B /* CGUtils.swift */; };
		0B778B0B1B938E1200004A1B /* SkipTrackButtonView.swift in Sources */ = {isa = PBXBuildFile; fileRef = 0B778B0A1B938E1200004A1B /* SkipTrackButtonView.swift */; };
		0B778B0D1B938E2500004A1B /* SkipTrackButtonView.xib in Resources */ = {isa = PBXBuildFile; fileRef = 0B778B0C1B938E2500004A1B /* SkipTrackButtonView.xib */; };
		0B7F7DC91C4DBD4000B932CA /* SettingsViewController.swift in Sources */ = {isa = PBXBuildFile; fileRef = 0B7F7DC81C4DBD4000B932CA /* SettingsViewController.swift */; };
		0B7F7DCB1C4DC02200B932CA /* UserDefaultKeys.swift in Sources */ = {isa = PBXBuildFile; fileRef = 0B7F7DCA1C4DC02200B932CA /* UserDefaultKeys.swift */; };
		0B83FE181B24BB9700746A9E /* SpotifyDAO.swift in Sources */ = {isa = PBXBuildFile; fileRef = 0B83FE171B24BB9700746A9E /* SpotifyDAO.swift */; };
		0B83FE1E1B24CA1E00746A9E /* log_in-mobile.png in Resources */ = {isa = PBXBuildFile; fileRef = 0B83FE1D1B24CA1E00746A9E /* log_in-mobile.png */; };
		0B849AE81B44DE7C00206512 /* DRMAudioQueuePlayer.swift in Sources */ = {isa = PBXBuildFile; fileRef = 0B849AE71B44DE7C00206512 /* DRMAudioQueuePlayer.swift */; };
		0B9016061C4ABFFD00B1ACD1 /* PlayCountIterator.swift in Sources */ = {isa = PBXBuildFile; fileRef = 0B9016051C4ABFFD00B1ACD1 /* PlayCountIterator.swift */; };
		0B9016081C4B197D00B1ACD1 /* BackgroundFetchController.swift in Sources */ = {isa = PBXBuildFile; fileRef = 0B9016071C4B197D00B1ACD1 /* BackgroundFetchController.swift */; };
		0B9F3B9E1B0ACA03005274E8 /* MPMediaItemExtension.swift in Sources */ = {isa = PBXBuildFile; fileRef = 0B9F3B9D1B0ACA03005274E8 /* MPMediaItemExtension.swift */; };
		0BA2426F1C20AE4B000170F9 /* LibraryGroupCollectionViewController.swift in Sources */ = {isa = PBXBuildFile; fileRef = 0BA2426E1C20AE4B000170F9 /* LibraryGroupCollectionViewController.swift */; };
		0BA242711C20B1E1000170F9 /* LibraryGroupCollectionViewCell.swift in Sources */ = {isa = PBXBuildFile; fileRef = 0BA242701C20B1E1000170F9 /* LibraryGroupCollectionViewCell.swift */; };
		0BA242751C251671000170F9 /* AbstractTableViewCell.swift in Sources */ = {isa = PBXBuildFile; fileRef = 0BA242741C251671000170F9 /* AbstractTableViewCell.swift */; };
		0BA7F6E71C45E5960062A201 /* SystemQueueResyncWorkflowController.swift in Sources */ = {isa = PBXBuildFile; fileRef = 0BA7F6E61C45E5960062A201 /* SystemQueueResyncWorkflowController.swift */; };
		0BA7F6EB1C4A93320062A201 /* PlayCountIteratorOperation.swift in Sources */ = {isa = PBXBuildFile; fileRef = 0BA7F6EA1C4A93320062A201 /* PlayCountIteratorOperation.swift */; };
		0BB8D1AA1BC1F8BA00472042 /* MPMediaEntityExtension.swift in Sources */ = {isa = PBXBuildFile; fileRef = 0BB8D1A91BC1F8BA00472042 /* MPMediaEntityExtension.swift */; };
		0BBA91EF1C02292B00C79BA2 /* AbstractResultOperation.swift in Sources */ = {isa = PBXBuildFile; fileRef = 0BBA91EE1C02292B00C79BA2 /* AbstractResultOperation.swift */; };
		0BBA91F11C06A64E00C79BA2 /* SearchExecutionController.swift in Sources */ = {isa = PBXBuildFile; fileRef = 0BBA91F01C06A64E00C79BA2 /* SearchExecutionController.swift */; };
		0BBA91F31C06B95300C79BA2 /* IndexSearchOperation.swift in Sources */ = {isa = PBXBuildFile; fileRef = 0BBA91F21C06B95300C79BA2 /* IndexSearchOperation.swift */; };
		0BBA91F51C081F8C00C79BA2 /* IndexBuildingOperation.swift in Sources */ = {isa = PBXBuildFile; fileRef = 0BBA91F41C081F8C00C79BA2 /* IndexBuildingOperation.swift */; };
		0BBE15F81AF5AC08007C6189 /* SimpleWSClient.swift in Sources */ = {isa = PBXBuildFile; fileRef = 0BBE15F71AF5AC08007C6189 /* SimpleWSClient.swift */; };
		0BBE15FA1AF5BE20007C6189 /* StringExtension.swift in Sources */ = {isa = PBXBuildFile; fileRef = 0BBE15F91AF5BE20007C6189 /* StringExtension.swift */; };
		0BBE16021AF6AC9B007C6189 /* Logger.swift in Sources */ = {isa = PBXBuildFile; fileRef = 0BBE16011AF6AC9B007C6189 /* Logger.swift */; };
		0BCA194E1BC35EFD008CD0FF /* ParentMediaEntityHeaderViewController.swift in Sources */ = {isa = PBXBuildFile; fileRef = 0BCA194D1BC35EFD008CD0FF /* ParentMediaEntityHeaderViewController.swift */; };
		0BCA19501BC73F05008CD0FF /* RemoteCommandHandler.swift in Sources */ = {isa = PBXBuildFile; fileRef = 0BCA194F1BC73F05008CD0FF /* RemoteCommandHandler.swift */; };
		0BCA4DE81C41BC2E004EE698 /* CustomPopableViewController.swift in Sources */ = {isa = PBXBuildFile; fileRef = 0BCA4DE71C41BC2E004EE698 /* CustomPopableViewController.swift */; };
		0BCE218A1B10D78E0074DA47 /* AudioController.swift in Sources */ = {isa = PBXBuildFile; fileRef = 0BCE21891B10D78E0074DA47 /* AudioController.swift */; };
		0BCE218C1B10DB6C0074DA47 /* SimpleAudioController.swift in Sources */ = {isa = PBXBuildFile; fileRef = 0BCE218B1B10DB6C0074DA47 /* SimpleAudioController.swift */; };
		0BCE21941B122D420074DA47 /* CAExtensions.swift in Sources */ = {isa = PBXBuildFile; fileRef = 0BCE21931B122D420074DA47 /* CAExtensions.swift */; };
		0BCE21A31B1403C70074DA47 /* AudioEngineController.swift in Sources */ = {isa = PBXBuildFile; fileRef = 0BCE21A21B1403C70074DA47 /* AudioEngineController.swift */; };
		0BD11B611B077F5600565471 /* DragGestureScrollingController.swift in Sources */ = {isa = PBXBuildFile; fileRef = 0BD11B601B077F5600565471 /* DragGestureScrollingController.swift */; };
		0BD11B631B0829FA00565471 /* Settings.storyboard in Resources */ = {isa = PBXBuildFile; fileRef = 0BD11B621B0829FA00565471 /* Settings.storyboard */; };
		0BD11B661B082C4B00565471 /* LastfmLoginViewController.swift in Sources */ = {isa = PBXBuildFile; fileRef = 0BD11B651B082C4B00565471 /* LastfmLoginViewController.swift */; };
		0BD11B681B08FB2B00565471 /* ArrayExtension.swift in Sources */ = {isa = PBXBuildFile; fileRef = 0BD11B671B08FB2B00565471 /* ArrayExtension.swift */; };
		0BD11B6D1B09236900565471 /* GestureHandler.swift in Sources */ = {isa = PBXBuildFile; fileRef = 0BD11B6C1B09236900565471 /* GestureHandler.swift */; };
		0BD11B6F1B0926BE00565471 /* LongPressToDragGestureHandler.swift in Sources */ = {isa = PBXBuildFile; fileRef = 0BD11B6E1B0926BE00565471 /* LongPressToDragGestureHandler.swift */; };
		0BD11B711B09710000565471 /* LongPressDragAndDropGestureHandler.swift in Sources */ = {isa = PBXBuildFile; fileRef = 0BD11B701B09710000565471 /* LongPressDragAndDropGestureHandler.swift */; };
		0BD43F671AF7108700D5B2D4 /* IPodLibraryDAO.swift in Sources */ = {isa = PBXBuildFile; fileRef = 0BD43F661AF7108700D5B2D4 /* IPodLibraryDAO.swift */; };
		0BE21C551BAF8915000509FD /* ApplicationIconView.swift in Sources */ = {isa = PBXBuildFile; fileRef = 0BE21C541BAF8915000509FD /* ApplicationIconView.swift */; };
		0BE21C571BAF8925000509FD /* ApplicationIconView.xib in Resources */ = {isa = PBXBuildFile; fileRef = 0BE21C561BAF8925000509FD /* ApplicationIconView.xib */; };
		0BEBCCB51B92122200EFC47D /* PlayPauseButtonView.swift in Sources */ = {isa = PBXBuildFile; fileRef = 0BEBCCB41B92122200EFC47D /* PlayPauseButtonView.swift */; };
		0BEBCCB71B92123700EFC47D /* PlayPauseButtonView.xib in Resources */ = {isa = PBXBuildFile; fileRef = 0BEBCCB61B92123700EFC47D /* PlayPauseButtonView.xib */; };
		0BF917411BF7FD7D001AC802 /* SearchIndex.swift in Sources */ = {isa = PBXBuildFile; fileRef = 0BF917401BF7FD7D001AC802 /* SearchIndex.swift */; };
		0BF917441BF8124E001AC802 /* SearchIndexEntry.swift in Sources */ = {isa = PBXBuildFile; fileRef = 0BF917431BF8124E001AC802 /* SearchIndexEntry.swift */; };
		0BF917481BF8F36A001AC802 /* KyoozUtils.swift in Sources */ = {isa = PBXBuildFile; fileRef = 0BF917471BF8F36A001AC802 /* KyoozUtils.swift */; };
		100A8BC51C54423B009FAB17 /* KyoozTests.swift in Sources */ = {isa = PBXBuildFile; fileRef = 100A8BC41C54423B009FAB17 /* KyoozTests.swift */; };
		100A8BCF1C56EF75009FAB17 /* PlaylistDatasource.swift in Sources */ = {isa = PBXBuildFile; fileRef = 100A8BCE1C56EF75009FAB17 /* PlaylistDatasource.swift */; };
		100A8BD31C56F8DE009FAB17 /* KyoozPlaylistManager.swift in Sources */ = {isa = PBXBuildFile; fileRef = 100A8BD21C56F8DE009FAB17 /* KyoozPlaylistManager.swift */; };
		100A8BD51C583695009FAB17 /* DataPersistenceError.swift in Sources */ = {isa = PBXBuildFile; fileRef = 100A8BD41C583695009FAB17 /* DataPersistenceError.swift */; };
		100A8BD71C5C3235009FAB17 /* KyoozErrorProtocol.swift in Sources */ = {isa = PBXBuildFile; fileRef = 100A8BD61C5C3235009FAB17 /* KyoozErrorProtocol.swift */; };
		100A8BD91C5C32C6009FAB17 /* NSErrorExtension.swift in Sources */ = {isa = PBXBuildFile; fileRef = 100A8BD81C5C32C6009FAB17 /* NSErrorExtension.swift */; };
		10171E061C373364002FD905 /* TestTableViewDataSourceDelegate.swift in Sources */ = {isa = PBXBuildFile; fileRef = 10171E051C373364002FD905 /* TestTableViewDataSourceDelegate.swift */; };
		104F15E81C4F026F00477ECD /* ShortNotificationViewController.swift in Sources */ = {isa = PBXBuildFile; fileRef = 104F15E71C4F026F00477ECD /* ShortNotificationViewController.swift */; };
		10BECBF31C4EFC09009D8B41 /* AudioQueuePlayerDelegateImpl.swift in Sources */ = {isa = PBXBuildFile; fileRef = 10BECBF21C4EFC09009D8B41 /* AudioQueuePlayerDelegateImpl.swift */; };
		10C7B9D51C3C8A4D00ADAAB6 /* ListButtonView.swift in Sources */ = {isa = PBXBuildFile; fileRef = 10C7B9D41C3C8A4D00ADAAB6 /* ListButtonView.swift */; };
		10C7B9D71C3C8A6100ADAAB6 /* ListButtonView.xib in Resources */ = {isa = PBXBuildFile; fileRef = 10C7B9D61C3C8A6100ADAAB6 /* ListButtonView.xib */; };
		10C7B9DB1C45C16E00ADAAB6 /* WarningViewController.swift in Sources */ = {isa = PBXBuildFile; fileRef = 10C7B9DA1C45C16E00ADAAB6 /* WarningViewController.swift */; };
		10E92FA51C52EFD70048B5BC /* ShortNotificationManager.swift in Sources */ = {isa = PBXBuildFile; fileRef = 10E92FA41C52EFD70048B5BC /* ShortNotificationManager.swift */; };
/* End PBXBuildFile section */

/* Begin PBXContainerItemProxy section */
		100A8BC71C54423B009FAB17 /* PBXContainerItemProxy */ = {
			isa = PBXContainerItemProxy;
			containerPortal = 0B13D9B31AE6F80E00CC5C01 /* Project object */;
			proxyType = 1;
			remoteGlobalIDString = 0B13D9BA1AE6F80E00CC5C01;
			remoteInfo = Kyooz;
		};
/* End PBXContainerItemProxy section */

/* Begin PBXFileReference section */
		0B055A201C4C6537007CB60A /* MediaCollectionTableViewCell.xib */ = {isa = PBXFileReference; fileEncoding = 4; lastKnownFileType = file.xib; path = MediaCollectionTableViewCell.xib; sourceTree = "<group>"; };
		0B055A221C4C6A97007CB60A /* MenuDotsView.swift */ = {isa = PBXFileReference; fileEncoding = 4; lastKnownFileType = sourcecode.swift; path = MenuDotsView.swift; sourceTree = "<group>"; };
		0B055A241C4C6AB0007CB60A /* MenuDotsView.xib */ = {isa = PBXFileReference; fileEncoding = 4; lastKnownFileType = file.xib; path = MenuDotsView.xib; sourceTree = "<group>"; };
		0B055A261C4C7F3C007CB60A /* MediaLibraryTableViewCell.swift */ = {isa = PBXFileReference; fileEncoding = 4; lastKnownFileType = sourcecode.swift; path = MediaLibraryTableViewCell.swift; sourceTree = "<group>"; };
		0B0FE16F1C40B92A001E4ABE /* ViewControllerFadeAnimator.swift */ = {isa = PBXFileReference; fileEncoding = 4; lastKnownFileType = sourcecode.swift; path = ViewControllerFadeAnimator.swift; sourceTree = "<group>"; };
		0B13D9BB1AE6F80E00CC5C01 /* Kyooz.app */ = {isa = PBXFileReference; explicitFileType = wrapper.application; includeInIndex = 0; path = Kyooz.app; sourceTree = BUILT_PRODUCTS_DIR; };
		0B13D9BF1AE6F80E00CC5C01 /* Info.plist */ = {isa = PBXFileReference; lastKnownFileType = text.plist.xml; path = Info.plist; sourceTree = "<group>"; };
		0B13D9C01AE6F80E00CC5C01 /* AppDelegate.swift */ = {isa = PBXFileReference; lastKnownFileType = sourcecode.swift; lineEnding = 0; path = AppDelegate.swift; sourceTree = "<group>"; xcLanguageSpecificationIdentifier = xcode.lang.swift; };
		0B13D9C51AE6F80E00CC5C01 /* Base */ = {isa = PBXFileReference; lastKnownFileType = file.storyboard; name = Base; path = Base.lproj/Main.storyboard; sourceTree = "<group>"; };
		0B13D9C71AE6F80E00CC5C01 /* Images.xcassets */ = {isa = PBXFileReference; lastKnownFileType = folder.assetcatalog; path = Images.xcassets; sourceTree = "<group>"; };
		0B13D9CA1AE6F80E00CC5C01 /* Base */ = {isa = PBXFileReference; lastKnownFileType = file.xib; name = Base; path = Base.lproj/LaunchScreen.xib; sourceTree = "<group>"; };
		0B13D9F91AE6FA9A00CC5C01 /* AudioSessionManager.swift */ = {isa = PBXFileReference; fileEncoding = 4; lastKnownFileType = sourcecode.swift; lineEnding = 0; path = AudioSessionManager.swift; sourceTree = "<group>"; xcLanguageSpecificationIdentifier = xcode.lang.swift; };
		0B13D9FA1AE6FA9A00CC5C01 /* NowPlayingInfoHelper.swift */ = {isa = PBXFileReference; fileEncoding = 4; lastKnownFileType = sourcecode.swift; lineEnding = 0; path = NowPlayingInfoHelper.swift; sourceTree = "<group>"; xcLanguageSpecificationIdentifier = xcode.lang.swift; };
		0B13D9FB1AE6FA9A00CC5C01 /* AudioQueuePlayerImpl.swift */ = {isa = PBXFileReference; fileEncoding = 4; lastKnownFileType = sourcecode.swift; lineEnding = 0; path = AudioQueuePlayerImpl.swift; sourceTree = "<group>"; xcLanguageSpecificationIdentifier = xcode.lang.swift; };
		0B13D9FD1AE6FA9A00CC5C01 /* TempDataDAO.swift */ = {isa = PBXFileReference; fileEncoding = 4; lastKnownFileType = sourcecode.swift; lineEnding = 0; path = TempDataDAO.swift; sourceTree = "<group>"; xcLanguageSpecificationIdentifier = xcode.lang.swift; };
		0B13DA011AE6FA9A00CC5C01 /* AlbumTrackTableViewController.swift */ = {isa = PBXFileReference; fileEncoding = 4; lastKnownFileType = sourcecode.swift; lineEnding = 0; path = AlbumTrackTableViewController.swift; sourceTree = "<group>"; xcLanguageSpecificationIdentifier = xcode.lang.swift; };
		0B13DA021AE6FA9A00CC5C01 /* NowPlayingSummaryViewController.swift */ = {isa = PBXFileReference; fileEncoding = 4; lastKnownFileType = sourcecode.swift; lineEnding = 0; path = NowPlayingSummaryViewController.swift; sourceTree = "<group>"; xcLanguageSpecificationIdentifier = xcode.lang.swift; };
		0B13DA031AE6FA9A00CC5C01 /* NowPlayingViewController.swift */ = {isa = PBXFileReference; fileEncoding = 4; lastKnownFileType = sourcecode.swift; lineEnding = 0; path = NowPlayingViewController.swift; sourceTree = "<group>"; xcLanguageSpecificationIdentifier = xcode.lang.swift; };
		0B13DA041AE6FA9A00CC5C01 /* RootViewController.swift */ = {isa = PBXFileReference; fileEncoding = 4; lastKnownFileType = sourcecode.swift; path = RootViewController.swift; sourceTree = "<group>"; };
		0B13DA061AE6FA9A00CC5C01 /* ImageTableViewCell.swift */ = {isa = PBXFileReference; fileEncoding = 4; lastKnownFileType = sourcecode.swift; lineEnding = 0; path = ImageTableViewCell.swift; sourceTree = "<group>"; xcLanguageSpecificationIdentifier = xcode.lang.swift; };
		0B13DA071AE6FA9A00CC5C01 /* ImageTableViewCell.xib */ = {isa = PBXFileReference; fileEncoding = 4; lastKnownFileType = file.xib; path = ImageTableViewCell.xib; sourceTree = "<group>"; };
		0B13DA091AE6FA9A00CC5C01 /* ApplicationDefaults.swift */ = {isa = PBXFileReference; fileEncoding = 4; lastKnownFileType = sourcecode.swift; lineEnding = 0; path = ApplicationDefaults.swift; sourceTree = "<group>"; xcLanguageSpecificationIdentifier = xcode.lang.swift; };
		0B13DA0B1AE6FA9A00CC5C01 /* NibContainer.swift */ = {isa = PBXFileReference; fileEncoding = 4; lastKnownFileType = sourcecode.swift; path = NibContainer.swift; sourceTree = "<group>"; };
		0B13DA0D1AE6FA9A00CC5C01 /* PlaybackStateManager.swift */ = {isa = PBXFileReference; fileEncoding = 4; lastKnownFileType = sourcecode.swift; lineEnding = 0; name = PlaybackStateManager.swift; path = ../PlaybackStateManager.swift; sourceTree = "<group>"; xcLanguageSpecificationIdentifier = xcode.lang.swift; };
		0B13DA0E1AE6FA9A00CC5C01 /* AudioQueuePlayer.swift */ = {isa = PBXFileReference; fileEncoding = 4; lastKnownFileType = sourcecode.swift; lineEnding = 0; name = AudioQueuePlayer.swift; path = ../AudioQueuePlayer.swift; sourceTree = "<group>"; xcLanguageSpecificationIdentifier = xcode.lang.swift; };
		0B13DA101AE6FA9A00CC5C01 /* ThemeHelper.swift */ = {isa = PBXFileReference; fileEncoding = 4; lastKnownFileType = sourcecode.swift; path = ThemeHelper.swift; sourceTree = "<group>"; };
		0B13DA261AE6FB0400CC5C01 /* MediaPlayer.framework */ = {isa = PBXFileReference; lastKnownFileType = wrapper.framework; name = MediaPlayer.framework; path = System/Library/Frameworks/MediaPlayer.framework; sourceTree = SDKROOT; };
		0B13DA281AE6FB0D00CC5C01 /* AVFoundation.framework */ = {isa = PBXFileReference; lastKnownFileType = wrapper.framework; name = AVFoundation.framework; path = System/Library/Frameworks/AVFoundation.framework; sourceTree = SDKROOT; };
		0B13DA5A1AEB1CB700CC5C01 /* StoryboardExtension.swift */ = {isa = PBXFileReference; fileEncoding = 4; lastKnownFileType = sourcecode.swift; path = StoryboardExtension.swift; sourceTree = "<group>"; };
		0B13DA5E1AEB3E3500CC5C01 /* ContainerViewController.swift */ = {isa = PBXFileReference; fileEncoding = 4; lastKnownFileType = sourcecode.swift; lineEnding = 0; path = ContainerViewController.swift; sourceTree = "<group>"; xcLanguageSpecificationIdentifier = xcode.lang.swift; };
		0B13DA601AED49AF00CC5C01 /* SongDetailsTableViewCell.swift */ = {isa = PBXFileReference; fileEncoding = 4; lastKnownFileType = sourcecode.swift; path = SongDetailsTableViewCell.swift; sourceTree = "<group>"; };
		0B13DA611AED49AF00CC5C01 /* SongDetailsTableViewCell.xib */ = {isa = PBXFileReference; fileEncoding = 4; lastKnownFileType = file.xib; path = SongDetailsTableViewCell.xib; sourceTree = "<group>"; };
		0B13DA651AED584700CC5C01 /* ImageContainer.swift */ = {isa = PBXFileReference; fileEncoding = 4; lastKnownFileType = sourcecode.swift; path = ImageContainer.swift; sourceTree = "<group>"; };
		0B13DA671AED5A3600CC5C01 /* MediaItemUtils.swift */ = {isa = PBXFileReference; fileEncoding = 4; lastKnownFileType = sourcecode.swift; path = MediaItemUtils.swift; sourceTree = "<group>"; };
		0B1BFDA71AF313AC009838A5 /* LastFmScrobbler.swift */ = {isa = PBXFileReference; fileEncoding = 4; lastKnownFileType = sourcecode.swift; lineEnding = 0; path = LastFmScrobbler.swift; sourceTree = "<group>"; xcLanguageSpecificationIdentifier = xcode.lang.swift; };
		0B31FE081BF04B7100B33F0A /* MediaLibrarySearchTableViewController.swift */ = {isa = PBXFileReference; fileEncoding = 4; lastKnownFileType = sourcecode.swift; path = MediaLibrarySearchTableViewController.swift; sourceTree = "<group>"; };
		0B476C6E1B1BFE5700626810 /* CancelView.swift */ = {isa = PBXFileReference; fileEncoding = 4; lastKnownFileType = sourcecode.swift; path = CancelView.swift; sourceTree = "<group>"; };
		0B476C711B21FA5400626810 /* AudioTrack.swift */ = {isa = PBXFileReference; fileEncoding = 4; lastKnownFileType = sourcecode.swift; lineEnding = 0; path = AudioTrack.swift; sourceTree = "<group>"; xcLanguageSpecificationIdentifier = xcode.lang.swift; };
		0B476C731B2273E500626810 /* AudioTrackEntity.swift */ = {isa = PBXFileReference; fileEncoding = 4; lastKnownFileType = sourcecode.swift; path = AudioTrackEntity.swift; sourceTree = "<group>"; };
		0B476C791B22921800626810 /* SpotifySettingsViewController.swift */ = {isa = PBXFileReference; fileEncoding = 4; lastKnownFileType = sourcecode.swift; path = SpotifySettingsViewController.swift; sourceTree = "<group>"; };
		0B476C7E1B2350FE00626810 /* SpotifyController.swift */ = {isa = PBXFileReference; fileEncoding = 4; lastKnownFileType = sourcecode.swift; path = SpotifyController.swift; sourceTree = "<group>"; };
		0B4E60031C2CBB5900BB9D77 /* ShuffleButtonView.swift */ = {isa = PBXFileReference; fileEncoding = 4; lastKnownFileType = sourcecode.swift; path = ShuffleButtonView.swift; sourceTree = "<group>"; };
		0B4E60051C2CBB7700BB9D77 /* ShuffleButtonView.xib */ = {isa = PBXFileReference; fileEncoding = 4; lastKnownFileType = file.xib; path = ShuffleButtonView.xib; sourceTree = "<group>"; };
		0B4E60071C2CD99C00BB9D77 /* RepeatButtonView.xib */ = {isa = PBXFileReference; fileEncoding = 4; lastKnownFileType = file.xib; path = RepeatButtonView.xib; sourceTree = "<group>"; };
		0B4E60091C2CD9AD00BB9D77 /* RepeatButtonView.swift */ = {isa = PBXFileReference; fileEncoding = 4; lastKnownFileType = sourcecode.swift; path = RepeatButtonView.swift; sourceTree = "<group>"; };
		0B4E600B1C2DBC7800BB9D77 /* RepeatState.swift */ = {isa = PBXFileReference; fileEncoding = 4; lastKnownFileType = sourcecode.swift; path = RepeatState.swift; sourceTree = "<group>"; };
		0B4E600D1C322C4800BB9D77 /* NowPlayingQueueContext.swift */ = {isa = PBXFileReference; fileEncoding = 4; lastKnownFileType = sourcecode.swift; path = NowPlayingQueueContext.swift; sourceTree = "<group>"; };
		0B4E60111C34561600BB9D77 /* PlaybackStateSnapshot.swift */ = {isa = PBXFileReference; fileEncoding = 4; lastKnownFileType = sourcecode.swift; path = PlaybackStateSnapshot.swift; sourceTree = "<group>"; };
		0B5123A11AFE969E00D941DC /* MediaItemTableViewControllerProtocol.swift */ = {isa = PBXFileReference; fileEncoding = 4; lastKnownFileType = sourcecode.swift; name = MediaItemTableViewControllerProtocol.swift; path = QMP/MediaItemTableViewControllerProtocol.swift; sourceTree = SOURCE_ROOT; };
		0B533ABF1BC1878900EA71B7 /* LibraryGrouping.swift */ = {isa = PBXFileReference; fileEncoding = 4; lastKnownFileType = sourcecode.swift; path = LibraryGrouping.swift; sourceTree = "<group>"; };
		0B533AC11BC18A3E00EA71B7 /* MPMediaQueryExtension.swift */ = {isa = PBXFileReference; fileEncoding = 4; lastKnownFileType = sourcecode.swift; path = MPMediaQueryExtension.swift; sourceTree = "<group>"; };
		0B533AC31BC191B600EA71B7 /* MediaEntityTableViewController.swift */ = {isa = PBXFileReference; fileEncoding = 4; lastKnownFileType = sourcecode.swift; path = MediaEntityTableViewController.swift; sourceTree = "<group>"; };
		0B650A5E1C39CF2D00C0DC51 /* ParentMediaEntityViewController.swift */ = {isa = PBXFileReference; fileEncoding = 4; lastKnownFileType = sourcecode.swift; path = ParentMediaEntityViewController.swift; sourceTree = "<group>"; };
		0B70702A1B9767080000673E /* AlbumTrackTableViewCell.swift */ = {isa = PBXFileReference; fileEncoding = 4; lastKnownFileType = sourcecode.swift; path = AlbumTrackTableViewCell.swift; sourceTree = "<group>"; };
		0B70702B1B9767080000673E /* AlbumTrackTableViewCell.xib */ = {isa = PBXFileReference; fileEncoding = 4; lastKnownFileType = file.xib; path = AlbumTrackTableViewCell.xib; sourceTree = "<group>"; };
		0B70702E1B9799030000673E /* ConfigurableAudioTableCell.swift */ = {isa = PBXFileReference; fileEncoding = 4; lastKnownFileType = sourcecode.swift; path = ConfigurableAudioTableCell.swift; sourceTree = "<group>"; };
		0B7070301B97C1600000673E /* MediaCollectionTableViewCell.swift */ = {isa = PBXFileReference; fileEncoding = 4; lastKnownFileType = sourcecode.swift; path = MediaCollectionTableViewCell.swift; sourceTree = "<group>"; };
		0B7776801BFC078A00B9A088 /* MPMediaItemCollectionExtension.swift */ = {isa = PBXFileReference; fileEncoding = 4; lastKnownFileType = sourcecode.swift; path = MPMediaItemCollectionExtension.swift; sourceTree = "<group>"; };
		0B7776841BFEC98200B9A088 /* AdHocIPodLibrarySearchOperation.swift */ = {isa = PBXFileReference; fileEncoding = 4; lastKnownFileType = sourcecode.swift; path = AdHocIPodLibrarySearchOperation.swift; sourceTree = "<group>"; };
		0B7776881C001E0500B9A088 /* SearchResultsHeaderView.swift */ = {isa = PBXFileReference; fileEncoding = 4; lastKnownFileType = sourcecode.swift; path = SearchResultsHeaderView.swift; sourceTree = "<group>"; };
		0B77768A1C001EC200B9A088 /* SearchResultsHeaderView.xib */ = {isa = PBXFileReference; fileEncoding = 4; lastKnownFileType = file.xib; path = SearchResultsHeaderView.xib; sourceTree = "<group>"; };
		0B778B081B9388BD00004A1B /* CGUtils.swift */ = {isa = PBXFileReference; fileEncoding = 4; lastKnownFileType = sourcecode.swift; path = CGUtils.swift; sourceTree = "<group>"; };
		0B778B0A1B938E1200004A1B /* SkipTrackButtonView.swift */ = {isa = PBXFileReference; fileEncoding = 4; lastKnownFileType = sourcecode.swift; path = SkipTrackButtonView.swift; sourceTree = "<group>"; };
		0B778B0C1B938E2500004A1B /* SkipTrackButtonView.xib */ = {isa = PBXFileReference; fileEncoding = 4; lastKnownFileType = file.xib; path = SkipTrackButtonView.xib; sourceTree = "<group>"; };
		0B7F7DC81C4DBD4000B932CA /* SettingsViewController.swift */ = {isa = PBXFileReference; fileEncoding = 4; lastKnownFileType = sourcecode.swift; path = SettingsViewController.swift; sourceTree = "<group>"; };
		0B7F7DCA1C4DC02200B932CA /* UserDefaultKeys.swift */ = {isa = PBXFileReference; fileEncoding = 4; lastKnownFileType = sourcecode.swift; path = UserDefaultKeys.swift; sourceTree = "<group>"; };
		0B83FE171B24BB9700746A9E /* SpotifyDAO.swift */ = {isa = PBXFileReference; fileEncoding = 4; lastKnownFileType = sourcecode.swift; path = SpotifyDAO.swift; sourceTree = "<group>"; };
		0B83FE1D1B24CA1E00746A9E /* log_in-mobile.png */ = {isa = PBXFileReference; lastKnownFileType = image.png; path = "log_in-mobile.png"; sourceTree = "<group>"; };
		0B849AE71B44DE7C00206512 /* DRMAudioQueuePlayer.swift */ = {isa = PBXFileReference; fileEncoding = 4; lastKnownFileType = sourcecode.swift; path = DRMAudioQueuePlayer.swift; sourceTree = "<group>"; };
		0B9016051C4ABFFD00B1ACD1 /* PlayCountIterator.swift */ = {isa = PBXFileReference; fileEncoding = 4; lastKnownFileType = sourcecode.swift; path = PlayCountIterator.swift; sourceTree = "<group>"; };
		0B9016071C4B197D00B1ACD1 /* BackgroundFetchController.swift */ = {isa = PBXFileReference; fileEncoding = 4; lastKnownFileType = sourcecode.swift; path = BackgroundFetchController.swift; sourceTree = "<group>"; };
		0B9F3B9D1B0ACA03005274E8 /* MPMediaItemExtension.swift */ = {isa = PBXFileReference; fileEncoding = 4; lastKnownFileType = sourcecode.swift; lineEnding = 0; path = MPMediaItemExtension.swift; sourceTree = "<group>"; xcLanguageSpecificationIdentifier = xcode.lang.swift; };
		0BA2426E1C20AE4B000170F9 /* LibraryGroupCollectionViewController.swift */ = {isa = PBXFileReference; fileEncoding = 4; lastKnownFileType = sourcecode.swift; path = LibraryGroupCollectionViewController.swift; sourceTree = "<group>"; };
		0BA242701C20B1E1000170F9 /* LibraryGroupCollectionViewCell.swift */ = {isa = PBXFileReference; fileEncoding = 4; lastKnownFileType = sourcecode.swift; path = LibraryGroupCollectionViewCell.swift; sourceTree = "<group>"; };
		0BA242741C251671000170F9 /* AbstractTableViewCell.swift */ = {isa = PBXFileReference; fileEncoding = 4; lastKnownFileType = sourcecode.swift; path = AbstractTableViewCell.swift; sourceTree = "<group>"; };
		0BA7F6E61C45E5960062A201 /* SystemQueueResyncWorkflowController.swift */ = {isa = PBXFileReference; fileEncoding = 4; lastKnownFileType = sourcecode.swift; path = SystemQueueResyncWorkflowController.swift; sourceTree = "<group>"; };
		0BA7F6EA1C4A93320062A201 /* PlayCountIteratorOperation.swift */ = {isa = PBXFileReference; fileEncoding = 4; lastKnownFileType = sourcecode.swift; path = PlayCountIteratorOperation.swift; sourceTree = "<group>"; };
		0BB8D1A91BC1F8BA00472042 /* MPMediaEntityExtension.swift */ = {isa = PBXFileReference; fileEncoding = 4; lastKnownFileType = sourcecode.swift; path = MPMediaEntityExtension.swift; sourceTree = "<group>"; };
		0BBA91EE1C02292B00C79BA2 /* AbstractResultOperation.swift */ = {isa = PBXFileReference; fileEncoding = 4; lastKnownFileType = sourcecode.swift; path = AbstractResultOperation.swift; sourceTree = "<group>"; };
		0BBA91F01C06A64E00C79BA2 /* SearchExecutionController.swift */ = {isa = PBXFileReference; fileEncoding = 4; lastKnownFileType = sourcecode.swift; path = SearchExecutionController.swift; sourceTree = "<group>"; };
		0BBA91F21C06B95300C79BA2 /* IndexSearchOperation.swift */ = {isa = PBXFileReference; fileEncoding = 4; lastKnownFileType = sourcecode.swift; path = IndexSearchOperation.swift; sourceTree = "<group>"; };
		0BBA91F41C081F8C00C79BA2 /* IndexBuildingOperation.swift */ = {isa = PBXFileReference; fileEncoding = 4; lastKnownFileType = sourcecode.swift; path = IndexBuildingOperation.swift; sourceTree = "<group>"; };
		0BBE15F71AF5AC08007C6189 /* SimpleWSClient.swift */ = {isa = PBXFileReference; fileEncoding = 4; lastKnownFileType = sourcecode.swift; path = SimpleWSClient.swift; sourceTree = "<group>"; };
		0BBE15F91AF5BE20007C6189 /* StringExtension.swift */ = {isa = PBXFileReference; fileEncoding = 4; lastKnownFileType = sourcecode.swift; path = StringExtension.swift; sourceTree = "<group>"; };
		0BBE15FB1AF5BECF007C6189 /* KyoozBridge.h */ = {isa = PBXFileReference; lastKnownFileType = sourcecode.c.h; path = KyoozBridge.h; sourceTree = "<group>"; };
		0BBE16011AF6AC9B007C6189 /* Logger.swift */ = {isa = PBXFileReference; fileEncoding = 4; lastKnownFileType = sourcecode.swift; lineEnding = 0; path = Logger.swift; sourceTree = "<group>"; xcLanguageSpecificationIdentifier = xcode.lang.swift; };
		0BCA194D1BC35EFD008CD0FF /* ParentMediaEntityHeaderViewController.swift */ = {isa = PBXFileReference; fileEncoding = 4; lastKnownFileType = sourcecode.swift; path = ParentMediaEntityHeaderViewController.swift; sourceTree = "<group>"; };
		0BCA194F1BC73F05008CD0FF /* RemoteCommandHandler.swift */ = {isa = PBXFileReference; fileEncoding = 4; lastKnownFileType = sourcecode.swift; path = RemoteCommandHandler.swift; sourceTree = "<group>"; };
		0BCA4DE71C41BC2E004EE698 /* CustomPopableViewController.swift */ = {isa = PBXFileReference; fileEncoding = 4; lastKnownFileType = sourcecode.swift; path = CustomPopableViewController.swift; sourceTree = "<group>"; };
		0BCE21891B10D78E0074DA47 /* AudioController.swift */ = {isa = PBXFileReference; fileEncoding = 4; lastKnownFileType = sourcecode.swift; lineEnding = 0; path = AudioController.swift; sourceTree = "<group>"; xcLanguageSpecificationIdentifier = xcode.lang.swift; };
		0BCE218B1B10DB6C0074DA47 /* SimpleAudioController.swift */ = {isa = PBXFileReference; fileEncoding = 4; lastKnownFileType = sourcecode.swift; lineEnding = 0; path = SimpleAudioController.swift; sourceTree = "<group>"; xcLanguageSpecificationIdentifier = xcode.lang.swift; };
		0BCE21931B122D420074DA47 /* CAExtensions.swift */ = {isa = PBXFileReference; fileEncoding = 4; lastKnownFileType = sourcecode.swift; path = CAExtensions.swift; sourceTree = "<group>"; };
		0BCE21A21B1403C70074DA47 /* AudioEngineController.swift */ = {isa = PBXFileReference; fileEncoding = 4; lastKnownFileType = sourcecode.swift; lineEnding = 0; path = AudioEngineController.swift; sourceTree = "<group>"; xcLanguageSpecificationIdentifier = xcode.lang.swift; };
		0BD11B601B077F5600565471 /* DragGestureScrollingController.swift */ = {isa = PBXFileReference; fileEncoding = 4; lastKnownFileType = sourcecode.swift; lineEnding = 0; path = DragGestureScrollingController.swift; sourceTree = "<group>"; xcLanguageSpecificationIdentifier = xcode.lang.swift; };
		0BD11B621B0829FA00565471 /* Settings.storyboard */ = {isa = PBXFileReference; fileEncoding = 4; lastKnownFileType = file.storyboard; path = Settings.storyboard; sourceTree = "<group>"; };
		0BD11B651B082C4B00565471 /* LastfmLoginViewController.swift */ = {isa = PBXFileReference; fileEncoding = 4; lastKnownFileType = sourcecode.swift; path = LastfmLoginViewController.swift; sourceTree = "<group>"; };
		0BD11B671B08FB2B00565471 /* ArrayExtension.swift */ = {isa = PBXFileReference; fileEncoding = 4; lastKnownFileType = sourcecode.swift; path = ArrayExtension.swift; sourceTree = "<group>"; };
		0BD11B6C1B09236900565471 /* GestureHandler.swift */ = {isa = PBXFileReference; fileEncoding = 4; lastKnownFileType = sourcecode.swift; path = GestureHandler.swift; sourceTree = "<group>"; };
		0BD11B6E1B0926BE00565471 /* LongPressToDragGestureHandler.swift */ = {isa = PBXFileReference; fileEncoding = 4; lastKnownFileType = sourcecode.swift; lineEnding = 0; path = LongPressToDragGestureHandler.swift; sourceTree = "<group>"; xcLanguageSpecificationIdentifier = xcode.lang.swift; };
		0BD11B701B09710000565471 /* LongPressDragAndDropGestureHandler.swift */ = {isa = PBXFileReference; fileEncoding = 4; lastKnownFileType = sourcecode.swift; lineEnding = 0; path = LongPressDragAndDropGestureHandler.swift; sourceTree = "<group>"; xcLanguageSpecificationIdentifier = xcode.lang.swift; };
		0BD43F661AF7108700D5B2D4 /* IPodLibraryDAO.swift */ = {isa = PBXFileReference; fileEncoding = 4; lastKnownFileType = sourcecode.swift; lineEnding = 0; path = IPodLibraryDAO.swift; sourceTree = "<group>"; xcLanguageSpecificationIdentifier = xcode.lang.swift; };
		0BE21C541BAF8915000509FD /* ApplicationIconView.swift */ = {isa = PBXFileReference; fileEncoding = 4; lastKnownFileType = sourcecode.swift; path = ApplicationIconView.swift; sourceTree = "<group>"; };
		0BE21C561BAF8925000509FD /* ApplicationIconView.xib */ = {isa = PBXFileReference; fileEncoding = 4; lastKnownFileType = file.xib; path = ApplicationIconView.xib; sourceTree = "<group>"; };
		0BEBCCB41B92122200EFC47D /* PlayPauseButtonView.swift */ = {isa = PBXFileReference; fileEncoding = 4; lastKnownFileType = sourcecode.swift; path = PlayPauseButtonView.swift; sourceTree = "<group>"; };
		0BEBCCB61B92123700EFC47D /* PlayPauseButtonView.xib */ = {isa = PBXFileReference; fileEncoding = 4; lastKnownFileType = file.xib; path = PlayPauseButtonView.xib; sourceTree = "<group>"; };
		0BF917401BF7FD7D001AC802 /* SearchIndex.swift */ = {isa = PBXFileReference; fileEncoding = 4; lastKnownFileType = sourcecode.swift; path = SearchIndex.swift; sourceTree = "<group>"; };
		0BF917431BF8124E001AC802 /* SearchIndexEntry.swift */ = {isa = PBXFileReference; fileEncoding = 4; lastKnownFileType = sourcecode.swift; path = SearchIndexEntry.swift; sourceTree = "<group>"; };
		0BF917471BF8F36A001AC802 /* KyoozUtils.swift */ = {isa = PBXFileReference; fileEncoding = 4; lastKnownFileType = sourcecode.swift; path = KyoozUtils.swift; sourceTree = "<group>"; };
		100A8BC21C54423B009FAB17 /* KyoozTests.xctest */ = {isa = PBXFileReference; explicitFileType = wrapper.cfbundle; includeInIndex = 0; path = KyoozTests.xctest; sourceTree = BUILT_PRODUCTS_DIR; };
		100A8BC41C54423B009FAB17 /* KyoozTests.swift */ = {isa = PBXFileReference; lastKnownFileType = sourcecode.swift; path = KyoozTests.swift; sourceTree = "<group>"; };
		100A8BC61C54423B009FAB17 /* Info.plist */ = {isa = PBXFileReference; lastKnownFileType = text.plist.xml; path = Info.plist; sourceTree = "<group>"; };
		100A8BCE1C56EF75009FAB17 /* PlaylistDatasource.swift */ = {isa = PBXFileReference; fileEncoding = 4; lastKnownFileType = sourcecode.swift; path = PlaylistDatasource.swift; sourceTree = "<group>"; };
		100A8BD21C56F8DE009FAB17 /* KyoozPlaylistManager.swift */ = {isa = PBXFileReference; fileEncoding = 4; lastKnownFileType = sourcecode.swift; path = KyoozPlaylistManager.swift; sourceTree = "<group>"; };
		100A8BD41C583695009FAB17 /* DataPersistenceError.swift */ = {isa = PBXFileReference; fileEncoding = 4; lastKnownFileType = sourcecode.swift; path = DataPersistenceError.swift; sourceTree = "<group>"; };
		100A8BD61C5C3235009FAB17 /* KyoozErrorProtocol.swift */ = {isa = PBXFileReference; fileEncoding = 4; lastKnownFileType = sourcecode.swift; path = KyoozErrorProtocol.swift; sourceTree = "<group>"; };
		100A8BD81C5C32C6009FAB17 /* NSErrorExtension.swift */ = {isa = PBXFileReference; fileEncoding = 4; lastKnownFileType = sourcecode.swift; path = NSErrorExtension.swift; sourceTree = "<group>"; };
		10171E051C373364002FD905 /* TestTableViewDataSourceDelegate.swift */ = {isa = PBXFileReference; fileEncoding = 4; lastKnownFileType = sourcecode.swift; path = TestTableViewDataSourceDelegate.swift; sourceTree = "<group>"; };
		104F15E71C4F026F00477ECD /* ShortNotificationViewController.swift */ = {isa = PBXFileReference; fileEncoding = 4; lastKnownFileType = sourcecode.swift; path = ShortNotificationViewController.swift; sourceTree = "<group>"; };
		10BECBF21C4EFC09009D8B41 /* AudioQueuePlayerDelegateImpl.swift */ = {isa = PBXFileReference; fileEncoding = 4; lastKnownFileType = sourcecode.swift; path = AudioQueuePlayerDelegateImpl.swift; sourceTree = "<group>"; };
		10C7B9D41C3C8A4D00ADAAB6 /* ListButtonView.swift */ = {isa = PBXFileReference; fileEncoding = 4; lastKnownFileType = sourcecode.swift; path = ListButtonView.swift; sourceTree = "<group>"; };
		10C7B9D61C3C8A6100ADAAB6 /* ListButtonView.xib */ = {isa = PBXFileReference; fileEncoding = 4; lastKnownFileType = file.xib; path = ListButtonView.xib; sourceTree = "<group>"; };
		10C7B9DA1C45C16E00ADAAB6 /* WarningViewController.swift */ = {isa = PBXFileReference; fileEncoding = 4; lastKnownFileType = sourcecode.swift; path = WarningViewController.swift; sourceTree = "<group>"; };
		10E92FA41C52EFD70048B5BC /* ShortNotificationManager.swift */ = {isa = PBXFileReference; fileEncoding = 4; lastKnownFileType = sourcecode.swift; path = ShortNotificationManager.swift; sourceTree = "<group>"; };
/* End PBXFileReference section */

/* Begin PBXFrameworksBuildPhase section */
		0B13D9B81AE6F80E00CC5C01 /* Frameworks */ = {
			isa = PBXFrameworksBuildPhase;
			buildActionMask = 2147483647;
			files = (
				0B13DA291AE6FB0D00CC5C01 /* AVFoundation.framework in Frameworks */,
				0B13DA271AE6FB0400CC5C01 /* MediaPlayer.framework in Frameworks */,
			);
			runOnlyForDeploymentPostprocessing = 0;
		};
		100A8BBF1C54423B009FAB17 /* Frameworks */ = {
			isa = PBXFrameworksBuildPhase;
			buildActionMask = 2147483647;
			files = (
			);
			runOnlyForDeploymentPostprocessing = 0;
		};
/* End PBXFrameworksBuildPhase section */

/* Begin PBXGroup section */
		0B0FE16E1C40B8F7001E4ABE /* VC Helpers */ = {
			isa = PBXGroup;
			children = (
				10E92FA41C52EFD70048B5BC /* ShortNotificationManager.swift */,
				0B0FE16F1C40B92A001E4ABE /* ViewControllerFadeAnimator.swift */,
			);
			name = "VC Helpers";
			sourceTree = "<group>";
		};
		0B13D9B21AE6F80E00CC5C01 = {
			isa = PBXGroup;
			children = (
				0BD43F6A1AF855E200D5B2D4 /* Frameworks */,
				0B13D9BD1AE6F80E00CC5C01 /* Kyooz */,
				100A8BC31C54423B009FAB17 /* KyoozTests */,
				0B13D9BC1AE6F80E00CC5C01 /* Products */,
			);
			sourceTree = "<group>";
		};
		0B13D9BC1AE6F80E00CC5C01 /* Products */ = {
			isa = PBXGroup;
			children = (
				0B13D9BB1AE6F80E00CC5C01 /* Kyooz.app */,
				100A8BC21C54423B009FAB17 /* KyoozTests.xctest */,
			);
			name = Products;
			sourceTree = "<group>";
		};
		0B13D9BD1AE6F80E00CC5C01 /* Kyooz */ = {
			isa = PBXGroup;
			children = (
				0BBE15FB1AF5BECF007C6189 /* KyoozBridge.h */,
				0B476C7D1B2350F000626810 /* Spotify */,
				0B13D9F81AE6FA9A00CC5C01 /* AudioPlayer */,
				0B476C701B21FA1F00626810 /* Model */,
				0B13D9FC1AE6FA9A00CC5C01 /* DataAccess */,
				0B13DA051AE6FA9A00CC5C01 /* Views */,
				0B13D9FE1AE6FA9A00CC5C01 /* ViewControllers */,
				0B83FE1F1B24EC8B00746A9E /* Utils */,
				0B13D9C01AE6F80E00CC5C01 /* AppDelegate.swift */,
				0B13DA091AE6FA9A00CC5C01 /* ApplicationDefaults.swift */,
				0B9016071C4B197D00B1ACD1 /* BackgroundFetchController.swift */,
				0B13D9C41AE6F80E00CC5C01 /* Main.storyboard */,
				0BD11B621B0829FA00565471 /* Settings.storyboard */,
				0B13D9C91AE6F80E00CC5C01 /* LaunchScreen.xib */,
				0B13D9C71AE6F80E00CC5C01 /* Images.xcassets */,
				0B13D9BE1AE6F80E00CC5C01 /* Supporting Files */,
			);
			name = Kyooz;
			path = QMP;
			sourceTree = "<group>";
		};
		0B13D9BE1AE6F80E00CC5C01 /* Supporting Files */ = {
			isa = PBXGroup;
			children = (
				0B83FE1D1B24CA1E00746A9E /* log_in-mobile.png */,
				0B13D9BF1AE6F80E00CC5C01 /* Info.plist */,
			);
			name = "Supporting Files";
			sourceTree = "<group>";
		};
		0B13D9F81AE6FA9A00CC5C01 /* AudioPlayer */ = {
			isa = PBXGroup;
			children = (
				0B1BFD491AF30A4C009838A5 /* LastFm */,
				0BCE21901B120DE10074DA47 /* DRMAudioQueuePlayer */,
				10BECBF11C4EFB04009D8B41 /* DefaultAudioQueuePlayer */,
				0B13DA0E1AE6FA9A00CC5C01 /* AudioQueuePlayer.swift */,
				10BECBF21C4EFC09009D8B41 /* AudioQueuePlayerDelegateImpl.swift */,
				0BCA194F1BC73F05008CD0FF /* RemoteCommandHandler.swift */,
			);
			name = AudioPlayer;
			path = MusicPlayerController;
			sourceTree = "<group>";
		};
		0B13D9FC1AE6FA9A00CC5C01 /* DataAccess */ = {
			isa = PBXGroup;
			children = (
				0BF917421BF7FD83001AC802 /* Search */,
				100A8BD41C583695009FAB17 /* DataPersistenceError.swift */,
				0BD43F661AF7108700D5B2D4 /* IPodLibraryDAO.swift */,
				100A8BD21C56F8DE009FAB17 /* KyoozPlaylistManager.swift */,
				0B13D9FD1AE6FA9A00CC5C01 /* TempDataDAO.swift */,
			);
			name = DataAccess;
			path = Persistence;
			sourceTree = "<group>";
		};
		0B13D9FE1AE6FA9A00CC5C01 /* ViewControllers */ = {
			isa = PBXGroup;
			children = (
				0BD11B6B1B09235A00565471 /* GestureHandler */,
				100A8BCC1C56EBAE009FAB17 /* MediaLibrary */,
				0BD11B641B082C1000565471 /* Settings */,
				100A8BCD1C56EBEB009FAB17 /* Util VCs */,
				0B0FE16E1C40B8F7001E4ABE /* VC Helpers */,
				0B13DA5E1AEB3E3500CC5C01 /* ContainerViewController.swift */,
				0BCA4DE71C41BC2E004EE698 /* CustomPopableViewController.swift */,
				0B5123A11AFE969E00D941DC /* MediaItemTableViewControllerProtocol.swift */,
				0B13DA021AE6FA9A00CC5C01 /* NowPlayingSummaryViewController.swift */,
				0B13DA031AE6FA9A00CC5C01 /* NowPlayingViewController.swift */,
				0B13DA041AE6FA9A00CC5C01 /* RootViewController.swift */,
			);
			path = ViewControllers;
			sourceTree = "<group>";
		};
		0B13DA051AE6FA9A00CC5C01 /* Views */ = {
			isa = PBXGroup;
			children = (
				0B4E60021C27731D00BB9D77 /* Custom Drawn Views */,
				0B4E60001C27729B00BB9D77 /* Header Views */,
				0B4E60011C2772CE00BB9D77 /* Table View Cells */,
				0BE21C541BAF8915000509FD /* ApplicationIconView.swift */,
				0BE21C561BAF8925000509FD /* ApplicationIconView.xib */,
				0B476C6E1B1BFE5700626810 /* CancelView.swift */,
				0BA242701C20B1E1000170F9 /* LibraryGroupCollectionViewCell.swift */,
			);
			path = Views;
			sourceTree = "<group>";
		};
		0B1BFD491AF30A4C009838A5 /* LastFm */ = {
			isa = PBXGroup;
			children = (
				0B1BFDA71AF313AC009838A5 /* LastFmScrobbler.swift */,
				0BBE15F71AF5AC08007C6189 /* SimpleWSClient.swift */,
				0B9016051C4ABFFD00B1ACD1 /* PlayCountIterator.swift */,
				0BA7F6EA1C4A93320062A201 /* PlayCountIteratorOperation.swift */,
			);
			name = LastFm;
			path = ..;
			sourceTree = "<group>";
		};
		0B1BFDAA1AF535DB009838A5 /* Extensions */ = {
			isa = PBXGroup;
			children = (
				0BD11B671B08FB2B00565471 /* ArrayExtension.swift */,
				0BCE21931B122D420074DA47 /* CAExtensions.swift */,
				0BB8D1A91BC1F8BA00472042 /* MPMediaEntityExtension.swift */,
				0B7776801BFC078A00B9A088 /* MPMediaItemCollectionExtension.swift */,
				0B9F3B9D1B0ACA03005274E8 /* MPMediaItemExtension.swift */,
				0B533AC11BC18A3E00EA71B7 /* MPMediaQueryExtension.swift */,
				100A8BD81C5C32C6009FAB17 /* NSErrorExtension.swift */,
				0B13DA5A1AEB1CB700CC5C01 /* StoryboardExtension.swift */,
				0BBE15F91AF5BE20007C6189 /* StringExtension.swift */,
			);
			name = Extensions;
			sourceTree = "<group>";
		};
		0B476C701B21FA1F00626810 /* Model */ = {
			isa = PBXGroup;
			children = (
				0B476C711B21FA5400626810 /* AudioTrack.swift */,
				0B476C731B2273E500626810 /* AudioTrackEntity.swift */,
				0B533ABF1BC1878900EA71B7 /* LibraryGrouping.swift */,
				0B4E600D1C322C4800BB9D77 /* NowPlayingQueueContext.swift */,
				0B4E60111C34561600BB9D77 /* PlaybackStateSnapshot.swift */,
				0B4E600B1C2DBC7800BB9D77 /* RepeatState.swift */,
			);
			name = Model;
			sourceTree = "<group>";
		};
		0B476C7D1B2350F000626810 /* Spotify */ = {
			isa = PBXGroup;
			children = (
				0B476C7E1B2350FE00626810 /* SpotifyController.swift */,
				0B83FE171B24BB9700746A9E /* SpotifyDAO.swift */,
			);
			name = Spotify;
			sourceTree = "<group>";
		};
		0B4E60001C27729B00BB9D77 /* Header Views */ = {
			isa = PBXGroup;
			children = (
				0B7776881C001E0500B9A088 /* SearchResultsHeaderView.swift */,
				0B77768A1C001EC200B9A088 /* SearchResultsHeaderView.xib */,
			);
			name = "Header Views";
			sourceTree = "<group>";
		};
		0B4E60011C2772CE00BB9D77 /* Table View Cells */ = {
			isa = PBXGroup;
			children = (
				0BA242741C251671000170F9 /* AbstractTableViewCell.swift */,
				0B70702A1B9767080000673E /* AlbumTrackTableViewCell.swift */,
				0B70702B1B9767080000673E /* AlbumTrackTableViewCell.xib */,
				0B70702E1B9799030000673E /* ConfigurableAudioTableCell.swift */,
				0B13DA061AE6FA9A00CC5C01 /* ImageTableViewCell.swift */,
				0B13DA071AE6FA9A00CC5C01 /* ImageTableViewCell.xib */,
				0B7070301B97C1600000673E /* MediaCollectionTableViewCell.swift */,
				0B055A201C4C6537007CB60A /* MediaCollectionTableViewCell.xib */,
				0B055A261C4C7F3C007CB60A /* MediaLibraryTableViewCell.swift */,
				0B13DA601AED49AF00CC5C01 /* SongDetailsTableViewCell.swift */,
				0B13DA611AED49AF00CC5C01 /* SongDetailsTableViewCell.xib */,
			);
			name = "Table View Cells";
			sourceTree = "<group>";
		};
		0B4E60021C27731D00BB9D77 /* Custom Drawn Views */ = {
			isa = PBXGroup;
			children = (
				10C7B9D41C3C8A4D00ADAAB6 /* ListButtonView.swift */,
				10C7B9D61C3C8A6100ADAAB6 /* ListButtonView.xib */,
				0B055A221C4C6A97007CB60A /* MenuDotsView.swift */,
				0B055A241C4C6AB0007CB60A /* MenuDotsView.xib */,
				0BEBCCB41B92122200EFC47D /* PlayPauseButtonView.swift */,
				0BEBCCB61B92123700EFC47D /* PlayPauseButtonView.xib */,
				0B4E60091C2CD9AD00BB9D77 /* RepeatButtonView.swift */,
				0B4E60071C2CD99C00BB9D77 /* RepeatButtonView.xib */,
				0B778B0A1B938E1200004A1B /* SkipTrackButtonView.swift */,
				0B778B0C1B938E2500004A1B /* SkipTrackButtonView.xib */,
				0B4E60031C2CBB5900BB9D77 /* ShuffleButtonView.swift */,
				0B4E60051C2CBB7700BB9D77 /* ShuffleButtonView.xib */,
			);
			name = "Custom Drawn Views";
			sourceTree = "<group>";
		};
		0B83FE1F1B24EC8B00746A9E /* Utils */ = {
			isa = PBXGroup;
			children = (
				0B1BFDAA1AF535DB009838A5 /* Extensions */,
				0BBE16001AF6AC80007C6189 /* Logger */,
				10171E041C373342002FD905 /* Test */,
				0B778B081B9388BD00004A1B /* CGUtils.swift */,
				0B13DA651AED584700CC5C01 /* ImageContainer.swift */,
				100A8BD61C5C3235009FAB17 /* KyoozErrorProtocol.swift */,
				0BF917471BF8F36A001AC802 /* KyoozUtils.swift */,
				0B13DA671AED5A3600CC5C01 /* MediaItemUtils.swift */,
				0B13DA0B1AE6FA9A00CC5C01 /* NibContainer.swift */,
				0B13DA101AE6FA9A00CC5C01 /* ThemeHelper.swift */,
			);
			name = Utils;
			sourceTree = "<group>";
		};
		0BBE16001AF6AC80007C6189 /* Logger */ = {
			isa = PBXGroup;
			children = (
				0BBE16011AF6AC9B007C6189 /* Logger.swift */,
			);
			name = Logger;
			sourceTree = "<group>";
		};
		0BCE21901B120DE10074DA47 /* DRMAudioQueuePlayer */ = {
			isa = PBXGroup;
			children = (
				0B13DA0D1AE6FA9A00CC5C01 /* PlaybackStateManager.swift */,
				0B849AE71B44DE7C00206512 /* DRMAudioQueuePlayer.swift */,
			);
			name = DRMAudioQueuePlayer;
			sourceTree = "<group>";
		};
		0BD11B641B082C1000565471 /* Settings */ = {
			isa = PBXGroup;
			children = (
				0BD11B651B082C4B00565471 /* LastfmLoginViewController.swift */,
				0B7F7DC81C4DBD4000B932CA /* SettingsViewController.swift */,
				0B476C791B22921800626810 /* SpotifySettingsViewController.swift */,
				0B7F7DCA1C4DC02200B932CA /* UserDefaultKeys.swift */,
			);
			name = Settings;
			sourceTree = "<group>";
		};
		0BD11B6B1B09235A00565471 /* GestureHandler */ = {
			isa = PBXGroup;
			children = (
				0BD11B6C1B09236900565471 /* GestureHandler.swift */,
				0BD11B6E1B0926BE00565471 /* LongPressToDragGestureHandler.swift */,
				0BD11B701B09710000565471 /* LongPressDragAndDropGestureHandler.swift */,
				0BD11B601B077F5600565471 /* DragGestureScrollingController.swift */,
			);
			name = GestureHandler;
			sourceTree = "<group>";
		};
		0BD43F6A1AF855E200D5B2D4 /* Frameworks */ = {
			isa = PBXGroup;
			children = (
				0B13DA281AE6FB0D00CC5C01 /* AVFoundation.framework */,
				0B13DA261AE6FB0400CC5C01 /* MediaPlayer.framework */,
			);
			name = Frameworks;
			sourceTree = "<group>";
		};
		0BF917421BF7FD83001AC802 /* Search */ = {
			isa = PBXGroup;
			children = (
				0BBA91EE1C02292B00C79BA2 /* AbstractResultOperation.swift */,
				0B7776841BFEC98200B9A088 /* AdHocIPodLibrarySearchOperation.swift */,
				0BBA91F41C081F8C00C79BA2 /* IndexBuildingOperation.swift */,
				0BBA91F21C06B95300C79BA2 /* IndexSearchOperation.swift */,
				0BBA91F01C06A64E00C79BA2 /* SearchExecutionController.swift */,
				0BF917401BF7FD7D001AC802 /* SearchIndex.swift */,
				0BF917431BF8124E001AC802 /* SearchIndexEntry.swift */,
			);
			name = Search;
			sourceTree = "<group>";
		};
		100A8BC31C54423B009FAB17 /* KyoozTests */ = {
			isa = PBXGroup;
			children = (
				100A8BC41C54423B009FAB17 /* KyoozTests.swift */,
				100A8BC61C54423B009FAB17 /* Info.plist */,
			);
			path = KyoozTests;
			sourceTree = "<group>";
		};
		100A8BCC1C56EBAE009FAB17 /* MediaLibrary */ = {
			isa = PBXGroup;
			children = (
				0B13DA011AE6FA9A00CC5C01 /* AlbumTrackTableViewController.swift */,
				0BA2426E1C20AE4B000170F9 /* LibraryGroupCollectionViewController.swift */,
				0B533AC31BC191B600EA71B7 /* MediaEntityTableViewController.swift */,
				0B31FE081BF04B7100B33F0A /* MediaLibrarySearchTableViewController.swift */,
				0BCA194D1BC35EFD008CD0FF /* ParentMediaEntityHeaderViewController.swift */,
				0B650A5E1C39CF2D00C0DC51 /* ParentMediaEntityViewController.swift */,
				100A8BCE1C56EF75009FAB17 /* PlaylistDatasource.swift */,
			);
			name = MediaLibrary;
			sourceTree = "<group>";
		};
		100A8BCD1C56EBEB009FAB17 /* Util VCs */ = {
			isa = PBXGroup;
			children = (
				104F15E71C4F026F00477ECD /* ShortNotificationViewController.swift */,
				0BA7F6E61C45E5960062A201 /* SystemQueueResyncWorkflowController.swift */,
				10C7B9DA1C45C16E00ADAAB6 /* WarningViewController.swift */,
			);
			name = "Util VCs";
			sourceTree = "<group>";
		};
		10171E041C373342002FD905 /* Test */ = {
			isa = PBXGroup;
			children = (
				10171E051C373364002FD905 /* TestTableViewDataSourceDelegate.swift */,
			);
			name = Test;
			sourceTree = "<group>";
		};
		10BECBF11C4EFB04009D8B41 /* DefaultAudioQueuePlayer */ = {
			isa = PBXGroup;
			children = (
				0BCE21A21B1403C70074DA47 /* AudioEngineController.swift */,
				0BCE21891B10D78E0074DA47 /* AudioController.swift */,
				0B13D9FB1AE6FA9A00CC5C01 /* AudioQueuePlayerImpl.swift */,
				0B13D9F91AE6FA9A00CC5C01 /* AudioSessionManager.swift */,
				0B13D9FA1AE6FA9A00CC5C01 /* NowPlayingInfoHelper.swift */,
				0BCE218B1B10DB6C0074DA47 /* SimpleAudioController.swift */,
			);
			name = DefaultAudioQueuePlayer;
			sourceTree = "<group>";
		};
/* End PBXGroup section */

/* Begin PBXNativeTarget section */
		0B13D9BA1AE6F80E00CC5C01 /* Kyooz */ = {
			isa = PBXNativeTarget;
			buildConfigurationList = 0B13D9DA1AE6F80E00CC5C01 /* Build configuration list for PBXNativeTarget "Kyooz" */;
			buildPhases = (
				0B13D9B71AE6F80E00CC5C01 /* Sources */,
				0B13D9B81AE6F80E00CC5C01 /* Frameworks */,
				0B13D9B91AE6F80E00CC5C01 /* Resources */,
			);
			buildRules = (
			);
			dependencies = (
			);
			name = Kyooz;
			productName = QMP;
			productReference = 0B13D9BB1AE6F80E00CC5C01 /* Kyooz.app */;
			productType = "com.apple.product-type.application";
		};
		100A8BC11C54423B009FAB17 /* KyoozTests */ = {
			isa = PBXNativeTarget;
			buildConfigurationList = 100A8BC91C54423B009FAB17 /* Build configuration list for PBXNativeTarget "KyoozTests" */;
			buildPhases = (
				100A8BBE1C54423B009FAB17 /* Sources */,
				100A8BBF1C54423B009FAB17 /* Frameworks */,
				100A8BC01C54423B009FAB17 /* Resources */,
			);
			buildRules = (
			);
			dependencies = (
				100A8BC81C54423B009FAB17 /* PBXTargetDependency */,
			);
			name = KyoozTests;
			productName = KyoozTests;
			productReference = 100A8BC21C54423B009FAB17 /* KyoozTests.xctest */;
			productType = "com.apple.product-type.bundle.unit-test";
		};
/* End PBXNativeTarget section */

/* Begin PBXProject section */
		0B13D9B31AE6F80E00CC5C01 /* Project object */ = {
			isa = PBXProject;
			attributes = {
				LastSwiftMigration = 0700;
				LastSwiftUpdateCheck = 0720;
				LastUpgradeCheck = 0700;
				ORGANIZATIONNAME = "FAHAD RIAZ";
				TargetAttributes = {
					0B13D9BA1AE6F80E00CC5C01 = {
						CreatedOnToolsVersion = 6.3;
						DevelopmentTeam = RBL3RYPXUS;
						SystemCapabilities = {
							com.apple.BackgroundModes = {
								enabled = 1;
							};
						};
					};
					100A8BC11C54423B009FAB17 = {
						CreatedOnToolsVersion = 7.2;
						TestTargetID = 0B13D9BA1AE6F80E00CC5C01;
					};
				};
			};
			buildConfigurationList = 0B13D9B61AE6F80E00CC5C01 /* Build configuration list for PBXProject "Kyooz" */;
			compatibilityVersion = "Xcode 3.2";
			developmentRegion = English;
			hasScannedForEncodings = 0;
			knownRegions = (
				en,
				Base,
				English,
			);
			mainGroup = 0B13D9B21AE6F80E00CC5C01;
			productRefGroup = 0B13D9BC1AE6F80E00CC5C01 /* Products */;
			projectDirPath = "";
			projectRoot = "";
			targets = (
				0B13D9BA1AE6F80E00CC5C01 /* Kyooz */,
				100A8BC11C54423B009FAB17 /* KyoozTests */,
			);
		};
/* End PBXProject section */

/* Begin PBXResourcesBuildPhase section */
		0B13D9B91AE6F80E00CC5C01 /* Resources */ = {
			isa = PBXResourcesBuildPhase;
			buildActionMask = 2147483647;
			files = (
				0B055A211C4C6537007CB60A /* MediaCollectionTableViewCell.xib in Resources */,
				0B77768B1C001EC200B9A088 /* SearchResultsHeaderView.xib in Resources */,
				0BE21C571BAF8925000509FD /* ApplicationIconView.xib in Resources */,
				0B70702D1B9767080000673E /* AlbumTrackTableViewCell.xib in Resources */,
				0B13DA631AED49AF00CC5C01 /* SongDetailsTableViewCell.xib in Resources */,
				0B13D9C61AE6F80E00CC5C01 /* Main.storyboard in Resources */,
				0B83FE1E1B24CA1E00746A9E /* log_in-mobile.png in Resources */,
				0B778B0D1B938E2500004A1B /* SkipTrackButtonView.xib in Resources */,
				0B13D9CB1AE6F80E00CC5C01 /* LaunchScreen.xib in Resources */,
				10C7B9D71C3C8A6100ADAAB6 /* ListButtonView.xib in Resources */,
				0BD11B631B0829FA00565471 /* Settings.storyboard in Resources */,
				0B4E60081C2CD99C00BB9D77 /* RepeatButtonView.xib in Resources */,
				0B4E60061C2CBB7700BB9D77 /* ShuffleButtonView.xib in Resources */,
				0BEBCCB71B92123700EFC47D /* PlayPauseButtonView.xib in Resources */,
				0B13D9C81AE6F80E00CC5C01 /* Images.xcassets in Resources */,
				0B13DA1C1AE6FA9A00CC5C01 /* ImageTableViewCell.xib in Resources */,
				0B055A251C4C6AB0007CB60A /* MenuDotsView.xib in Resources */,
			);
			runOnlyForDeploymentPostprocessing = 0;
		};
		100A8BC01C54423B009FAB17 /* Resources */ = {
			isa = PBXResourcesBuildPhase;
			buildActionMask = 2147483647;
			files = (
			);
			runOnlyForDeploymentPostprocessing = 0;
		};
/* End PBXResourcesBuildPhase section */

/* Begin PBXSourcesBuildPhase section */
		0B13D9B71AE6F80E00CC5C01 /* Sources */ = {
			isa = PBXSourcesBuildPhase;
			buildActionMask = 2147483647;
			files = (
				0BCE21941B122D420074DA47 /* CAExtensions.swift in Sources */,
				0BCA194E1BC35EFD008CD0FF /* ParentMediaEntityHeaderViewController.swift in Sources */,
				0B055A271C4C7F3C007CB60A /* MediaLibraryTableViewCell.swift in Sources */,
				0B1BFDA81AF313AC009838A5 /* LastFmScrobbler.swift in Sources */,
				0BD11B681B08FB2B00565471 /* ArrayExtension.swift in Sources */,
				0B13DA5B1AEB1CB700CC5C01 /* StoryboardExtension.swift in Sources */,
				0BCA4DE81C41BC2E004EE698 /* CustomPopableViewController.swift in Sources */,
				0B476C7F1B2350FE00626810 /* SpotifyController.swift in Sources */,
				0BEBCCB51B92122200EFC47D /* PlayPauseButtonView.swift in Sources */,
				0B13DA251AE6FA9A00CC5C01 /* ThemeHelper.swift in Sources */,
				0BBA91F51C081F8C00C79BA2 /* IndexBuildingOperation.swift in Sources */,
				0B9F3B9E1B0ACA03005274E8 /* MPMediaItemExtension.swift in Sources */,
				0BA242711C20B1E1000170F9 /* LibraryGroupCollectionViewCell.swift in Sources */,
				0BA2426F1C20AE4B000170F9 /* LibraryGroupCollectionViewController.swift in Sources */,
				0BCE21A31B1403C70074DA47 /* AudioEngineController.swift in Sources */,
				0BBE15F81AF5AC08007C6189 /* SimpleWSClient.swift in Sources */,
				0B13D9C11AE6F80E00CC5C01 /* AppDelegate.swift in Sources */,
				0BBE16021AF6AC9B007C6189 /* Logger.swift in Sources */,
				10E92FA51C52EFD70048B5BC /* ShortNotificationManager.swift in Sources */,
				0BE21C551BAF8915000509FD /* ApplicationIconView.swift in Sources */,
				0BCA19501BC73F05008CD0FF /* RemoteCommandHandler.swift in Sources */,
				0BD11B6D1B09236900565471 /* GestureHandler.swift in Sources */,
				0BA242751C251671000170F9 /* AbstractTableViewCell.swift in Sources */,
				0B7776851BFEC98200B9A088 /* AdHocIPodLibrarySearchOperation.swift in Sources */,
				0BF917441BF8124E001AC802 /* SearchIndexEntry.swift in Sources */,
				100A8BD91C5C32C6009FAB17 /* NSErrorExtension.swift in Sources */,
				0B13DA111AE6FA9A00CC5C01 /* AudioSessionManager.swift in Sources */,
				0B476C6F1B1BFE5700626810 /* CancelView.swift in Sources */,
				0B13DA181AE6FA9A00CC5C01 /* NowPlayingSummaryViewController.swift in Sources */,
				0BA7F6EB1C4A93320062A201 /* PlayCountIteratorOperation.swift in Sources */,
				0B7070311B97C1600000673E /* MediaCollectionTableViewCell.swift in Sources */,
				0B4E600E1C322C4800BB9D77 /* NowPlayingQueueContext.swift in Sources */,
				0B778B0B1B938E1200004A1B /* SkipTrackButtonView.swift in Sources */,
				0B13DA1A1AE6FA9A00CC5C01 /* RootViewController.swift in Sources */,
				0B5123A21AFE969E00D941DC /* MediaItemTableViewControllerProtocol.swift in Sources */,
				0BBE15FA1AF5BE20007C6189 /* StringExtension.swift in Sources */,
				0B13DA231AE6FA9A00CC5C01 /* AudioQueuePlayer.swift in Sources */,
				0B9016081C4B197D00B1ACD1 /* BackgroundFetchController.swift in Sources */,
				0B13DA221AE6FA9A00CC5C01 /* PlaybackStateManager.swift in Sources */,
				0BD11B611B077F5600565471 /* DragGestureScrollingController.swift in Sources */,
				104F15E81C4F026F00477ECD /* ShortNotificationViewController.swift in Sources */,
				0BD11B661B082C4B00565471 /* LastfmLoginViewController.swift in Sources */,
				0B476C7A1B22921800626810 /* SpotifySettingsViewController.swift in Sources */,
				0BF917481BF8F36A001AC802 /* KyoozUtils.swift in Sources */,
				0BD43F671AF7108700D5B2D4 /* IPodLibraryDAO.swift in Sources */,
				0B533AC21BC18A3E00EA71B7 /* MPMediaQueryExtension.swift in Sources */,
				0B13DA1E1AE6FA9A00CC5C01 /* ApplicationDefaults.swift in Sources */,
				0B9016061C4ABFFD00B1ACD1 /* PlayCountIterator.swift in Sources */,
				0B849AE81B44DE7C00206512 /* DRMAudioQueuePlayer.swift in Sources */,
				0B650A5F1C39CF2D00C0DC51 /* ParentMediaEntityViewController.swift in Sources */,
				0B4E60121C34561600BB9D77 /* PlaybackStateSnapshot.swift in Sources */,
				0BCE218C1B10DB6C0074DA47 /* SimpleAudioController.swift in Sources */,
				0B13DA621AED49AF00CC5C01 /* SongDetailsTableViewCell.swift in Sources */,
				0B83FE181B24BB9700746A9E /* SpotifyDAO.swift in Sources */,
				0BBA91F31C06B95300C79BA2 /* IndexSearchOperation.swift in Sources */,
				0B7776811BFC078A00B9A088 /* MPMediaItemCollectionExtension.swift in Sources */,
				0B4E60041C2CBB5900BB9D77 /* ShuffleButtonView.swift in Sources */,
				10171E061C373364002FD905 /* TestTableViewDataSourceDelegate.swift in Sources */,
				0BBA91F11C06A64E00C79BA2 /* SearchExecutionController.swift in Sources */,
				0B055A231C4C6A97007CB60A /* MenuDotsView.swift in Sources */,
				0B70702C1B9767080000673E /* AlbumTrackTableViewCell.swift in Sources */,
				0B7F7DCB1C4DC02200B932CA /* UserDefaultKeys.swift in Sources */,
				100A8BD31C56F8DE009FAB17 /* KyoozPlaylistManager.swift in Sources */,
				10BECBF31C4EFC09009D8B41 /* AudioQueuePlayerDelegateImpl.swift in Sources */,
				0BD11B711B09710000565471 /* LongPressDragAndDropGestureHandler.swift in Sources */,
				10C7B9D51C3C8A4D00ADAAB6 /* ListButtonView.swift in Sources */,
				0B31FE091BF04B7100B33F0A /* MediaLibrarySearchTableViewController.swift in Sources */,
				100A8BD71C5C3235009FAB17 /* KyoozErrorProtocol.swift in Sources */,
				0BCE218A1B10D78E0074DA47 /* AudioController.swift in Sources */,
				0B533AC01BC1878900EA71B7 /* LibraryGrouping.swift in Sources */,
				0B13DA141AE6FA9A00CC5C01 /* TempDataDAO.swift in Sources */,
				0B13DA681AED5A3600CC5C01 /* MediaItemUtils.swift in Sources */,
				0B533AC41BC191B600EA71B7 /* MediaEntityTableViewController.swift in Sources */,
				10C7B9DB1C45C16E00ADAAB6 /* WarningViewController.swift in Sources */,
				0B13DA5F1AEB3E3500CC5C01 /* ContainerViewController.swift in Sources */,
				100A8BCF1C56EF75009FAB17 /* PlaylistDatasource.swift in Sources */,
				0BD11B6F1B0926BE00565471 /* LongPressToDragGestureHandler.swift in Sources */,
				0B4E600C1C2DBC7800BB9D77 /* RepeatState.swift in Sources */,
				0BA7F6E71C45E5960062A201 /* SystemQueueResyncWorkflowController.swift in Sources */,
				0BB8D1AA1BC1F8BA00472042 /* MPMediaEntityExtension.swift in Sources */,
				0B70702F1B9799030000673E /* ConfigurableAudioTableCell.swift in Sources */,
				0B7776891C001E0500B9A088 /* SearchResultsHeaderView.swift in Sources */,
				0BBA91EF1C02292B00C79BA2 /* AbstractResultOperation.swift in Sources */,
				0B4E600A1C2CD9AD00BB9D77 /* RepeatButtonView.swift in Sources */,
				0B13DA201AE6FA9A00CC5C01 /* NibContainer.swift in Sources */,
				0B13DA661AED584700CC5C01 /* ImageContainer.swift in Sources */,
				0B13DA191AE6FA9A00CC5C01 /* NowPlayingViewController.swift in Sources */,
				0B13DA171AE6FA9A00CC5C01 /* AlbumTrackTableViewController.swift in Sources */,
				0BF917411BF7FD7D001AC802 /* SearchIndex.swift in Sources */,
				0B778B091B9388BD00004A1B /* CGUtils.swift in Sources */,
				0B7F7DC91C4DBD4000B932CA /* SettingsViewController.swift in Sources */,
				0B13DA131AE6FA9A00CC5C01 /* AudioQueuePlayerImpl.swift in Sources */,
				0B476C721B21FA5400626810 /* AudioTrack.swift in Sources */,
				0B13DA121AE6FA9A00CC5C01 /* NowPlayingInfoHelper.swift in Sources */,
				0B0FE1701C40B92A001E4ABE /* ViewControllerFadeAnimator.swift in Sources */,
				0B476C741B2273E500626810 /* AudioTrackEntity.swift in Sources */,
				100A8BD51C583695009FAB17 /* DataPersistenceError.swift in Sources */,
				0B13DA1B1AE6FA9A00CC5C01 /* ImageTableViewCell.swift in Sources */,
			);
			runOnlyForDeploymentPostprocessing = 0;
		};
		100A8BBE1C54423B009FAB17 /* Sources */ = {
			isa = PBXSourcesBuildPhase;
			buildActionMask = 2147483647;
			files = (
				100A8BC51C54423B009FAB17 /* KyoozTests.swift in Sources */,
			);
			runOnlyForDeploymentPostprocessing = 0;
		};
/* End PBXSourcesBuildPhase section */

/* Begin PBXTargetDependency section */
		100A8BC81C54423B009FAB17 /* PBXTargetDependency */ = {
			isa = PBXTargetDependency;
			target = 0B13D9BA1AE6F80E00CC5C01 /* Kyooz */;
			targetProxy = 100A8BC71C54423B009FAB17 /* PBXContainerItemProxy */;
		};
/* End PBXTargetDependency section */

/* Begin PBXVariantGroup section */
		0B13D9C41AE6F80E00CC5C01 /* Main.storyboard */ = {
			isa = PBXVariantGroup;
			children = (
				0B13D9C51AE6F80E00CC5C01 /* Base */,
			);
			name = Main.storyboard;
			sourceTree = "<group>";
		};
		0B13D9C91AE6F80E00CC5C01 /* LaunchScreen.xib */ = {
			isa = PBXVariantGroup;
			children = (
				0B13D9CA1AE6F80E00CC5C01 /* Base */,
			);
			name = LaunchScreen.xib;
			sourceTree = "<group>";
		};
/* End PBXVariantGroup section */

/* Begin XCBuildConfiguration section */
		0B13D9D81AE6F80E00CC5C01 /* Debug */ = {
			isa = XCBuildConfiguration;
			buildSettings = {
				ALWAYS_SEARCH_USER_PATHS = NO;
				CLANG_CXX_LANGUAGE_STANDARD = "gnu++0x";
				CLANG_CXX_LIBRARY = "libc++";
				CLANG_ENABLE_MODULES = YES;
				CLANG_ENABLE_OBJC_ARC = YES;
				CLANG_WARN_BOOL_CONVERSION = YES;
				CLANG_WARN_CONSTANT_CONVERSION = YES;
				CLANG_WARN_DIRECT_OBJC_ISA_USAGE = YES_ERROR;
				CLANG_WARN_EMPTY_BODY = YES;
				CLANG_WARN_ENUM_CONVERSION = YES;
				CLANG_WARN_INT_CONVERSION = YES;
				CLANG_WARN_OBJC_ROOT_CLASS = YES_ERROR;
				CLANG_WARN_UNREACHABLE_CODE = YES;
				CLANG_WARN__DUPLICATE_METHOD_MATCH = YES;
				"CODE_SIGN_IDENTITY[sdk=iphoneos*]" = "iPhone Developer";
				COPY_PHASE_STRIP = NO;
				DEBUG_INFORMATION_FORMAT = "dwarf-with-dsym";
				ENABLE_STRICT_OBJC_MSGSEND = YES;
				ENABLE_TESTABILITY = YES;
				GCC_C_LANGUAGE_STANDARD = gnu99;
				GCC_DYNAMIC_NO_PIC = NO;
				GCC_NO_COMMON_BLOCKS = YES;
				GCC_OPTIMIZATION_LEVEL = 0;
				GCC_PREPROCESSOR_DEFINITIONS = (
					"DEBUG=1",
					"$(inherited)",
				);
				GCC_SYMBOLS_PRIVATE_EXTERN = NO;
				GCC_WARN_64_TO_32_BIT_CONVERSION = YES;
				GCC_WARN_ABOUT_RETURN_TYPE = YES_ERROR;
				GCC_WARN_UNDECLARED_SELECTOR = YES;
				GCC_WARN_UNINITIALIZED_AUTOS = YES_AGGRESSIVE;
				GCC_WARN_UNUSED_FUNCTION = YES;
				GCC_WARN_UNUSED_VARIABLE = YES;
				IPHONEOS_DEPLOYMENT_TARGET = 8.3;
				MTL_ENABLE_DEBUG_INFO = YES;
				ONLY_ACTIVE_ARCH = YES;
				SDKROOT = iphoneos;
				SWIFT_OPTIMIZATION_LEVEL = "-Onone";
			};
			name = Debug;
		};
		0B13D9D91AE6F80E00CC5C01 /* Release */ = {
			isa = XCBuildConfiguration;
			buildSettings = {
				ALWAYS_SEARCH_USER_PATHS = NO;
				CLANG_CXX_LANGUAGE_STANDARD = "gnu++0x";
				CLANG_CXX_LIBRARY = "libc++";
				CLANG_ENABLE_MODULES = YES;
				CLANG_ENABLE_OBJC_ARC = YES;
				CLANG_WARN_BOOL_CONVERSION = YES;
				CLANG_WARN_CONSTANT_CONVERSION = YES;
				CLANG_WARN_DIRECT_OBJC_ISA_USAGE = YES_ERROR;
				CLANG_WARN_EMPTY_BODY = YES;
				CLANG_WARN_ENUM_CONVERSION = YES;
				CLANG_WARN_INT_CONVERSION = YES;
				CLANG_WARN_OBJC_ROOT_CLASS = YES_ERROR;
				CLANG_WARN_UNREACHABLE_CODE = YES;
				CLANG_WARN__DUPLICATE_METHOD_MATCH = YES;
				"CODE_SIGN_IDENTITY[sdk=iphoneos*]" = "iPhone Developer";
				COPY_PHASE_STRIP = NO;
				DEBUG_INFORMATION_FORMAT = "dwarf-with-dsym";
				ENABLE_NS_ASSERTIONS = NO;
				ENABLE_STRICT_OBJC_MSGSEND = YES;
				GCC_C_LANGUAGE_STANDARD = gnu99;
				GCC_NO_COMMON_BLOCKS = YES;
				GCC_WARN_64_TO_32_BIT_CONVERSION = YES;
				GCC_WARN_ABOUT_RETURN_TYPE = YES_ERROR;
				GCC_WARN_UNDECLARED_SELECTOR = YES;
				GCC_WARN_UNINITIALIZED_AUTOS = YES_AGGRESSIVE;
				GCC_WARN_UNUSED_FUNCTION = YES;
				GCC_WARN_UNUSED_VARIABLE = YES;
				IPHONEOS_DEPLOYMENT_TARGET = 8.3;
				MTL_ENABLE_DEBUG_INFO = NO;
				SDKROOT = iphoneos;
				VALIDATE_PRODUCT = YES;
			};
			name = Release;
		};
		0B13D9DB1AE6F80E00CC5C01 /* Debug */ = {
			isa = XCBuildConfiguration;
			buildSettings = {
				ALWAYS_SEARCH_USER_PATHS = YES;
				ASSETCATALOG_COMPILER_APPICON_NAME = "AppIcon-1";
				CODE_SIGN_IDENTITY = "iPhone Developer";
				"CODE_SIGN_IDENTITY[sdk=iphoneos*]" = "iPhone Developer";
				FRAMEWORK_SEARCH_PATHS = (
					"$(inherited)",
					"$(PROJECT_DIR)",
				);
				HEADER_SEARCH_PATHS = (
					"$(inherited)",
					/Applications/Xcode.app/Contents/Developer/Toolchains/XcodeDefault.xctoolchain/usr/include,
					/usr/include/libxml2,
				);
				INFOPLIST_FILE = QMP/Info.plist;
				IPHONEOS_DEPLOYMENT_TARGET = 9.0;
				LD_RUNPATH_SEARCH_PATHS = "$(inherited) @executable_path/Frameworks";
				LIBRARY_SEARCH_PATHS = "";
				OTHER_LDFLAGS = "-ObjC";
				PRODUCT_BUNDLE_IDENTIFIER = "com.riaz.fahad.$(PRODUCT_NAME:rfc1034identifier)";
				PRODUCT_NAME = Kyooz;
				PROVISIONING_PROFILE = "";
				SWIFT_INCLUDE_PATHS = "";
				SWIFT_OBJC_BRIDGING_HEADER = QMP/KyoozBridge.h;
				SWIFT_OPTIMIZATION_LEVEL = "-Onone";
				TARGETED_DEVICE_FAMILY = 1;
			};
			name = Debug;
		};
		0B13D9DC1AE6F80E00CC5C01 /* Release */ = {
			isa = XCBuildConfiguration;
			buildSettings = {
				ALWAYS_SEARCH_USER_PATHS = YES;
				ASSETCATALOG_COMPILER_APPICON_NAME = "AppIcon-1";
				CODE_SIGN_IDENTITY = "iPhone Developer";
				"CODE_SIGN_IDENTITY[sdk=iphoneos*]" = "iPhone Developer";
				FRAMEWORK_SEARCH_PATHS = (
					"$(inherited)",
					"$(PROJECT_DIR)",
				);
				HEADER_SEARCH_PATHS = (
					"$(inherited)",
					/Applications/Xcode.app/Contents/Developer/Toolchains/XcodeDefault.xctoolchain/usr/include,
					/usr/include/libxml2,
				);
				INFOPLIST_FILE = QMP/Info.plist;
				IPHONEOS_DEPLOYMENT_TARGET = 9.0;
				LD_RUNPATH_SEARCH_PATHS = "$(inherited) @executable_path/Frameworks";
				"LIBRARY_SEARCH_PATHS[arch=*]" = "";
				OTHER_LDFLAGS = "-ObjC";
				PRODUCT_BUNDLE_IDENTIFIER = "com.riaz.fahad.$(PRODUCT_NAME:rfc1034identifier)";
				PRODUCT_NAME = Kyooz;
				PROVISIONING_PROFILE = "";
				SWIFT_OBJC_BRIDGING_HEADER = QMP/KyoozBridge.h;
				SWIFT_OPTIMIZATION_LEVEL = "-Owholemodule";
				TARGETED_DEVICE_FAMILY = 1;
			};
			name = Release;
		};
		100A8BCA1C54423B009FAB17 /* Debug */ = {
			isa = XCBuildConfiguration;
			buildSettings = {
				BUNDLE_LOADER = "$(TEST_HOST)";
				DEBUG_INFORMATION_FORMAT = dwarf;
				INFOPLIST_FILE = KyoozTests/Info.plist;
				IPHONEOS_DEPLOYMENT_TARGET = 9.2;
				LD_RUNPATH_SEARCH_PATHS = "$(inherited) @executable_path/Frameworks @loader_path/Frameworks";
				PRODUCT_BUNDLE_IDENTIFIER = com.riaz.Fahad..KyoozTests;
				PRODUCT_NAME = "$(TARGET_NAME)";
				TEST_HOST = "$(BUILT_PRODUCTS_DIR)/Kyooz.app/Kyooz";
			};
			name = Debug;
		};
		100A8BCB1C54423B009FAB17 /* Release */ = {
			isa = XCBuildConfiguration;
			buildSettings = {
				BUNDLE_LOADER = "$(TEST_HOST)";
				INFOPLIST_FILE = KyoozTests/Info.plist;
				IPHONEOS_DEPLOYMENT_TARGET = 9.2;
				LD_RUNPATH_SEARCH_PATHS = "$(inherited) @executable_path/Frameworks @loader_path/Frameworks";
				PRODUCT_BUNDLE_IDENTIFIER = com.riaz.Fahad..KyoozTests;
				PRODUCT_NAME = "$(TARGET_NAME)";
				TEST_HOST = "$(BUILT_PRODUCTS_DIR)/Kyooz.app/Kyooz";
			};
			name = Release;
		};
/* End XCBuildConfiguration section */

/* Begin XCConfigurationList section */
		0B13D9B61AE6F80E00CC5C01 /* Build configuration list for PBXProject "Kyooz" */ = {
			isa = XCConfigurationList;
			buildConfigurations = (
				0B13D9D81AE6F80E00CC5C01 /* Debug */,
				0B13D9D91AE6F80E00CC5C01 /* Release */,
			);
			defaultConfigurationIsVisible = 0;
			defaultConfigurationName = Release;
		};
		0B13D9DA1AE6F80E00CC5C01 /* Build configuration list for PBXNativeTarget "Kyooz" */ = {
			isa = XCConfigurationList;
			buildConfigurations = (
				0B13D9DB1AE6F80E00CC5C01 /* Debug */,
				0B13D9DC1AE6F80E00CC5C01 /* Release */,
			);
			defaultConfigurationIsVisible = 0;
			defaultConfigurationName = Release;
		};
		100A8BC91C54423B009FAB17 /* Build configuration list for PBXNativeTarget "KyoozTests" */ = {
			isa = XCConfigurationList;
			buildConfigurations = (
				100A8BCA1C54423B009FAB17 /* Debug */,
				100A8BCB1C54423B009FAB17 /* Release */,
			);
			defaultConfigurationIsVisible = 0;
		};
/* End XCConfigurationList section */
	};
	rootObject = 0B13D9B31AE6F80E00CC5C01 /* Project object */;
}
